// !$*UTF8*$!
{
	archiveVersion = 1;
	classes = {
	};
	objectVersion = 77;
	objects = {

/* Begin PBXBuildFile section */
		0BD1DED6EC1DFF9326A1CAE5 /* ProfileViewModel.swift in Sources */ = {isa = PBXBuildFile; fileRef = 1850A208EA7AE5CDF9896207 /* ProfileViewModel.swift */; };
		1D84A21259B5673F6ABDFCC1 /* Session.swift in Sources */ = {isa = PBXBuildFile; fileRef = 36F9BBB23CB057720EA99A7B /* Session.swift */; };
		3AD8ED72F8D42B9DB0614F77 /* UpdaterService.swift in Sources */ = {isa = PBXBuildFile; fileRef = B7AD5E89B648F5018E34233A /* UpdaterService.swift */; };
		3F7B6FCC8858E6DEECB776A0 /* SessionDataStore.swift in Sources */ = {isa = PBXBuildFile; fileRef = 3D5BA98DFF322E54A1E5B1F2 /* SessionDataStore.swift */; };
		45389ED6B2BB7C7A180BE038 /* Sparkle in Frameworks */ = {isa = PBXBuildFile; productRef = 0065997B44AE9D9948026A26 /* Sparkle */; };
		4809D9A533DA37D1B71D1592 /* PricingFetchService.swift in Sources */ = {isa = PBXBuildFile; fileRef = 054E2C5CD2CBA7B14AFF897A /* PricingFetchService.swift */; };
		4A69484840B48CDE187957E0 /* AutoRefreshCoordinator.swift in Sources */ = {isa = PBXBuildFile; fileRef = FAAFBA5B9EEDC2BB22BAF700 /* AutoRefreshCoordinator.swift */; };
		552244856F222EE6F9AFE7DA /* DiagnosticLogger.swift in Sources */ = {isa = PBXBuildFile; fileRef = B466FB316C76AB0C39E12E7B /* DiagnosticLogger.swift */; };
		59FB58B0D4D4298AF8A3A1A6 /* AggregateStats.swift in Sources */ = {isa = PBXBuildFile; fileRef = 2EDF09CC0594DB9C35748FF4 /* AggregateStats.swift */; };
		5ABBC48B689D173B40DDB85A /* TranscriptParser.swift in Sources */ = {isa = PBXBuildFile; fileRef = F79555858F7CDF21C9301D11 /* TranscriptParser.swift */; };
		5B8F2BC01D7A4526CD0AEAA4 /* TranscriptEntry.swift in Sources */ = {isa = PBXBuildFile; fileRef = 42AB2ACAC763533BC9654BE5 /* TranscriptEntry.swift */; };
		686EC93B311494291E5BCE75 /* StatisticsView.swift in Sources */ = {isa = PBXBuildFile; fileRef = 6E1B839DD5F15A6A55AE3727 /* StatisticsView.swift */; };
		6BA90267FC02621878E80D2A /* TrendChartView.swift in Sources */ = {isa = PBXBuildFile; fileRef = EEDC6DF1C15355DC5AE2FCF9 /* TrendChartView.swift */; };
		7FEDE160B6E6484B272C2078 /* TerminalLauncher.swift in Sources */ = {isa = PBXBuildFile; fileRef = FA42F7AC4BB41556CDC7EFCC /* TerminalLauncher.swift */; };
		861A6FDE8151A6DF1D571793 /* TimeFormatter.swift in Sources */ = {isa = PBXBuildFile; fileRef = 15FB669CCF4C2F10D4550624 /* TimeFormatter.swift */; };
		9BE83C21285426ACBCAE6024 /* SessionListView.swift in Sources */ = {isa = PBXBuildFile; fileRef = CAF9A88BAC1F779F77E517EB /* SessionListView.swift */; };
		A795EC97A42092FD1CDDABEB /* StatusLineInstaller.swift in Sources */ = {isa = PBXBuildFile; fileRef = DBCC86BBB585FC2927B58640 /* StatusLineInstaller.swift */; };
		A808622B78A49E54748B910A /* SessionScanner.swift in Sources */ = {isa = PBXBuildFile; fileRef = 1A4A95A6629B2D5258EA882D /* SessionScanner.swift */; };
		AC5082113B4136915E426299 /* Localizable.strings in Resources */ = {isa = PBXBuildFile; fileRef = 2710C957B5C3CF8708B02CC6 /* Localizable.strings */; };
		AD026F88B93877B8DC87E042 /* CredentialService.swift in Sources */ = {isa = PBXBuildFile; fileRef = 42069DDFAB4457A16AF6492F /* CredentialService.swift */; };
		BC876DE9A69A88B6272F0842 /* TrendDataPoint.swift in Sources */ = {isa = PBXBuildFile; fileRef = 5CA29EE31F9DA05A4CB0442F /* TrendDataPoint.swift */; };
		C48BDE19A5E58235BAB61F51 /* UsageViewModel.swift in Sources */ = {isa = PBXBuildFile; fileRef = 5306E49F4AF08425229312F0 /* UsageViewModel.swift */; };
		D06D7B513EFFD60742C93431 /* Assets.xcassets in Resources */ = {isa = PBXBuildFile; fileRef = B5C4223D247CA4D681A19D53 /* Assets.xcassets */; };
		D64171EFA61052FC0A315681 /* SessionViewModel.swift in Sources */ = {isa = PBXBuildFile; fileRef = 58B71B5593D63536AB462D70 /* SessionViewModel.swift */; };
		E04B621B671D090DB9155348 /* LanguageManager.swift in Sources */ = {isa = PBXBuildFile; fileRef = D1519B833F38D44123500B58 /* LanguageManager.swift */; };
		E19A0BCA11B03CD13E4A1F04 /* UsageAPIService.swift in Sources */ = {isa = PBXBuildFile; fileRef = 7D3BC22C81208BA2B853C240 /* UsageAPIService.swift */; };
		E26C6870A1E9540BCA9E7045 /* SettingsView.swift in Sources */ = {isa = PBXBuildFile; fileRef = 011E707E6F2F284A99ECF925 /* SettingsView.swift */; };
		E45AD6199CAB1661300675D6 /* SessionDetailView.swift in Sources */ = {isa = PBXBuildFile; fileRef = CD0415091A24EBCDA6840A49 /* SessionDetailView.swift */; };
		F3272760285AF18F519D8E80 /* MenuBarView.swift in Sources */ = {isa = PBXBuildFile; fileRef = 41054FA7DE043B7E25B4A88E /* MenuBarView.swift */; };
		F7761B0329D579925F2DB98E /* UsageView.swift in Sources */ = {isa = PBXBuildFile; fileRef = 3511F107E29217FB16567AF9 /* UsageView.swift */; };
		FA20F885511C5F92715056F9 /* FSEventsWatcher.swift in Sources */ = {isa = PBXBuildFile; fileRef = 35EC230BC5F1EF207A984D87 /* FSEventsWatcher.swift */; };
		FDBE2C2C6B6D044072235F42 /* UsageData.swift in Sources */ = {isa = PBXBuildFile; fileRef = 370D33AC086199C95EC1E2CD /* UsageData.swift */; };
		FEFC2968DA07D06063D40E24 /* ClaudeStatisticsApp.swift in Sources */ = {isa = PBXBuildFile; fileRef = 68083922F93D555879FAD90B /* ClaudeStatisticsApp.swift */; };
		MB1001A1B2C3D4E5F6A7B8C9 /* MenuBarUsageSelection.swift in Sources */ = {isa = PBXBuildFile; fileRef = MB1F01A1B2C3D4E5F6A7B8C1 /* MenuBarUsageSelection.swift */; };
		ZA1001A1B2C3D4E5F6A7B8C9 /* ZaiUsageData.swift in Sources */ = {isa = PBXBuildFile; fileRef = ZA1F01A1B2C3D4E5F6A7B8C1 /* ZaiUsageData.swift */; };
		ZA2002A1B2C3D4E5F6A7B8C9 /* ZaiCredentialService.swift in Sources */ = {isa = PBXBuildFile; fileRef = ZA2F02A1B2C3D4E5F6A7B8C2 /* ZaiCredentialService.swift */; };
		ZA3003A1B2C3D4E5F6A7B8C9 /* ZaiAPIService.swift in Sources */ = {isa = PBXBuildFile; fileRef = ZA3F03A1B2C3D4E5F6A7B8C3 /* ZaiAPIService.swift */; };
		ZA4004A1B2C3D4E5F6A7B8C9 /* ZaiUsageViewModel.swift in Sources */ = {isa = PBXBuildFile; fileRef = ZA4F04A1B2C3D4E5F6A7B8C4 /* ZaiUsageViewModel.swift */; };
		ZA5005A1B2C3D4E5F6A7B8C9 /* ZaiUsageView.swift in Sources */ = {isa = PBXBuildFile; fileRef = ZA5F05A1B2C3D4E5F6A7B8C5 /* ZaiUsageView.swift */; };
		ZA6006A1B2C3D4E5F6A7B8C9 /* ZaiModelUsageChartView.swift in Sources */ = {isa = PBXBuildFile; fileRef = ZA6F06A1B2C3D4E5F6A7B8C6 /* ZaiModelUsageChartView.swift */; };
		ZA7007A1B2C3D4E5F6A7B8C9 /* UsageFeatureSupport.swift in Sources */ = {isa = PBXBuildFile; fileRef = ZA7F07A1B2C3D4E5F6A7B8C7 /* UsageFeatureSupport.swift */; };
		ZA8008A1B2C3D4E5F6A7B8C9 /* UsageResetNotificationService.swift in Sources */ = {isa = PBXBuildFile; fileRef = ZA8F08A1B2C3D4E5F6A7B8C8 /* UsageResetNotificationService.swift */; };
/* End PBXBuildFile section */

/* Begin PBXFileReference section */
		011E707E6F2F284A99ECF925 /* SettingsView.swift */ = {isa = PBXFileReference; lastKnownFileType = sourcecode.swift; path = SettingsView.swift; sourceTree = "<group>"; };
		054E2C5CD2CBA7B14AFF897A /* PricingFetchService.swift */ = {isa = PBXFileReference; lastKnownFileType = sourcecode.swift; path = PricingFetchService.swift; sourceTree = "<group>"; };
		15FB669CCF4C2F10D4550624 /* TimeFormatter.swift */ = {isa = PBXFileReference; lastKnownFileType = sourcecode.swift; path = TimeFormatter.swift; sourceTree = "<group>"; };
		1850A208EA7AE5CDF9896207 /* ProfileViewModel.swift */ = {isa = PBXFileReference; lastKnownFileType = sourcecode.swift; path = ProfileViewModel.swift; sourceTree = "<group>"; };
		1A4A95A6629B2D5258EA882D /* SessionScanner.swift */ = {isa = PBXFileReference; lastKnownFileType = sourcecode.swift; path = SessionScanner.swift; sourceTree = "<group>"; };
		2EDF09CC0594DB9C35748FF4 /* AggregateStats.swift */ = {isa = PBXFileReference; lastKnownFileType = sourcecode.swift; path = AggregateStats.swift; sourceTree = "<group>"; };
		3511F107E29217FB16567AF9 /* UsageView.swift */ = {isa = PBXFileReference; lastKnownFileType = sourcecode.swift; path = UsageView.swift; sourceTree = "<group>"; };
		35EC230BC5F1EF207A984D87 /* FSEventsWatcher.swift */ = {isa = PBXFileReference; lastKnownFileType = sourcecode.swift; path = FSEventsWatcher.swift; sourceTree = "<group>"; };
		36F9BBB23CB057720EA99A7B /* Session.swift */ = {isa = PBXFileReference; lastKnownFileType = sourcecode.swift; path = Session.swift; sourceTree = "<group>"; };
		370D33AC086199C95EC1E2CD /* UsageData.swift */ = {isa = PBXFileReference; lastKnownFileType = sourcecode.swift; path = UsageData.swift; sourceTree = "<group>"; };
		3D5BA98DFF322E54A1E5B1F2 /* SessionDataStore.swift */ = {isa = PBXFileReference; lastKnownFileType = sourcecode.swift; path = SessionDataStore.swift; sourceTree = "<group>"; };
		41054FA7DE043B7E25B4A88E /* MenuBarView.swift */ = {isa = PBXFileReference; lastKnownFileType = sourcecode.swift; path = MenuBarView.swift; sourceTree = "<group>"; };
		42069DDFAB4457A16AF6492F /* CredentialService.swift */ = {isa = PBXFileReference; lastKnownFileType = sourcecode.swift; path = CredentialService.swift; sourceTree = "<group>"; };
		42AB2ACAC763533BC9654BE5 /* TranscriptEntry.swift */ = {isa = PBXFileReference; lastKnownFileType = sourcecode.swift; path = TranscriptEntry.swift; sourceTree = "<group>"; };
		5306E49F4AF08425229312F0 /* UsageViewModel.swift */ = {isa = PBXFileReference; lastKnownFileType = sourcecode.swift; path = UsageViewModel.swift; sourceTree = "<group>"; };
		58B71B5593D63536AB462D70 /* SessionViewModel.swift */ = {isa = PBXFileReference; lastKnownFileType = sourcecode.swift; path = SessionViewModel.swift; sourceTree = "<group>"; };
		5CA29EE31F9DA05A4CB0442F /* TrendDataPoint.swift */ = {isa = PBXFileReference; lastKnownFileType = sourcecode.swift; path = TrendDataPoint.swift; sourceTree = "<group>"; };
		609271D9D2750E6DBBCFFAC5 /* en */ = {isa = PBXFileReference; lastKnownFileType = text.plist.strings; name = en; path = en.lproj/Localizable.strings; sourceTree = "<group>"; };
		68083922F93D555879FAD90B /* ClaudeStatisticsApp.swift */ = {isa = PBXFileReference; lastKnownFileType = sourcecode.swift; path = ClaudeStatisticsApp.swift; sourceTree = "<group>"; };
		MB1F01A1B2C3D4E5F6A7B8C1 /* MenuBarUsageSelection.swift */ = {isa = PBXFileReference; lastKnownFileType = sourcecode.swift; path = MenuBarUsageSelection.swift; sourceTree = "<group>"; };
		6E1B839DD5F15A6A55AE3727 /* StatisticsView.swift */ = {isa = PBXFileReference; lastKnownFileType = sourcecode.swift; path = StatisticsView.swift; sourceTree = "<group>"; };
		77339C38F26D780CFD6D03EB /* ClaudeStatistics.app */ = {isa = PBXFileReference; explicitFileType = wrapper.application; includeInIndex = 0; path = ClaudeStatistics.app; sourceTree = BUILT_PRODUCTS_DIR; };
		7D3BC22C81208BA2B853C240 /* UsageAPIService.swift */ = {isa = PBXFileReference; lastKnownFileType = sourcecode.swift; path = UsageAPIService.swift; sourceTree = "<group>"; };
		A776ADBF033757E89353F9E2 /* zh-Hans */ = {isa = PBXFileReference; lastKnownFileType = text.plist.strings; name = "zh-Hans"; path = "zh-Hans.lproj/Localizable.strings"; sourceTree = "<group>"; };
		B466FB316C76AB0C39E12E7B /* DiagnosticLogger.swift */ = {isa = PBXFileReference; lastKnownFileType = sourcecode.swift; path = DiagnosticLogger.swift; sourceTree = "<group>"; };
		B5C4223D247CA4D681A19D53 /* Assets.xcassets */ = {isa = PBXFileReference; lastKnownFileType = folder.assetcatalog; path = Assets.xcassets; sourceTree = "<group>"; };
		B7AD5E89B648F5018E34233A /* UpdaterService.swift */ = {isa = PBXFileReference; lastKnownFileType = sourcecode.swift; path = UpdaterService.swift; sourceTree = "<group>"; };
		BF23C58F1F4E3E5605623ECE /* Info.plist */ = {isa = PBXFileReference; lastKnownFileType = text.plist; path = Info.plist; sourceTree = "<group>"; };
		CAF9A88BAC1F779F77E517EB /* SessionListView.swift */ = {isa = PBXFileReference; lastKnownFileType = sourcecode.swift; path = SessionListView.swift; sourceTree = "<group>"; };
		CD0415091A24EBCDA6840A49 /* SessionDetailView.swift */ = {isa = PBXFileReference; lastKnownFileType = sourcecode.swift; path = SessionDetailView.swift; sourceTree = "<group>"; };
		D1519B833F38D44123500B58 /* LanguageManager.swift */ = {isa = PBXFileReference; lastKnownFileType = sourcecode.swift; path = LanguageManager.swift; sourceTree = "<group>"; };
		DBCC86BBB585FC2927B58640 /* StatusLineInstaller.swift */ = {isa = PBXFileReference; lastKnownFileType = sourcecode.swift; path = StatusLineInstaller.swift; sourceTree = "<group>"; };
		E3E1273546BE9434362C72E0 /* ClaudeStatistics.entitlements */ = {isa = PBXFileReference; lastKnownFileType = text.plist.entitlements; path = ClaudeStatistics.entitlements; sourceTree = "<group>"; };
		EEDC6DF1C15355DC5AE2FCF9 /* TrendChartView.swift */ = {isa = PBXFileReference; lastKnownFileType = sourcecode.swift; path = TrendChartView.swift; sourceTree = "<group>"; };
		F79555858F7CDF21C9301D11 /* TranscriptParser.swift */ = {isa = PBXFileReference; lastKnownFileType = sourcecode.swift; path = TranscriptParser.swift; sourceTree = "<group>"; };
		FA42F7AC4BB41556CDC7EFCC /* TerminalLauncher.swift */ = {isa = PBXFileReference; lastKnownFileType = sourcecode.swift; path = TerminalLauncher.swift; sourceTree = "<group>"; };
		FAAFBA5B9EEDC2BB22BAF700 /* AutoRefreshCoordinator.swift */ = {isa = PBXFileReference; lastKnownFileType = sourcecode.swift; path = AutoRefreshCoordinator.swift; sourceTree = "<group>"; };
		ZA1F01A1B2C3D4E5F6A7B8C1 /* ZaiUsageData.swift */ = {isa = PBXFileReference; lastKnownFileType = sourcecode.swift; path = ZaiUsageData.swift; sourceTree = "<group>"; };
		ZA2F02A1B2C3D4E5F6A7B8C2 /* ZaiCredentialService.swift */ = {isa = PBXFileReference; lastKnownFileType = sourcecode.swift; path = ZaiCredentialService.swift; sourceTree = "<group>"; };
		ZA3F03A1B2C3D4E5F6A7B8C3 /* ZaiAPIService.swift */ = {isa = PBXFileReference; lastKnownFileType = sourcecode.swift; path = ZaiAPIService.swift; sourceTree = "<group>"; };
		ZA4F04A1B2C3D4E5F6A7B8C4 /* ZaiUsageViewModel.swift */ = {isa = PBXFileReference; lastKnownFileType = sourcecode.swift; path = ZaiUsageViewModel.swift; sourceTree = "<group>"; };
		ZA5F05A1B2C3D4E5F6A7B8C5 /* ZaiUsageView.swift */ = {isa = PBXFileReference; lastKnownFileType = sourcecode.swift; path = ZaiUsageView.swift; sourceTree = "<group>"; };
		ZA6F06A1B2C3D4E5F6A7B8C6 /* ZaiModelUsageChartView.swift */ = {isa = PBXFileReference; lastKnownFileType = sourcecode.swift; path = ZaiModelUsageChartView.swift; sourceTree = "<group>"; };
		ZA7F07A1B2C3D4E5F6A7B8C7 /* UsageFeatureSupport.swift */ = {isa = PBXFileReference; lastKnownFileType = sourcecode.swift; path = UsageFeatureSupport.swift; sourceTree = "<group>"; };
		ZA8F08A1B2C3D4E5F6A7B8C8 /* UsageResetNotificationService.swift */ = {isa = PBXFileReference; lastKnownFileType = sourcecode.swift; path = UsageResetNotificationService.swift; sourceTree = "<group>"; };
/* End PBXFileReference section */

/* Begin PBXFrameworksBuildPhase section */
		9E8A0F3E80621A76D4EF7E77 /* Frameworks */ = {
			isa = PBXFrameworksBuildPhase;
			buildActionMask = 2147483647;
			files = (
				45389ED6B2BB7C7A180BE038 /* Sparkle in Frameworks */,
			);
			runOnlyForDeploymentPostprocessing = 0;
		};
/* End PBXFrameworksBuildPhase section */

/* Begin PBXGroup section */
		1B498AB9E13809CA8F036D81 /* Products */ = {
			isa = PBXGroup;
			children = (
				77339C38F26D780CFD6D03EB /* ClaudeStatistics.app */,
			);
			name = Products;
			sourceTree = "<group>";
		};
		23BF9034C5BAB628D0B18D2A /* Utilities */ = {
			isa = PBXGroup;
			children = (
				FAAFBA5B9EEDC2BB22BAF700 /* AutoRefreshCoordinator.swift */,
				D1519B833F38D44123500B58 /* LanguageManager.swift */,
				FA42F7AC4BB41556CDC7EFCC /* TerminalLauncher.swift */,
				15FB669CCF4C2F10D4550624 /* TimeFormatter.swift */,
			);
			path = Utilities;
			sourceTree = "<group>";
		};
		23FF6F758EC531D3457CE044 /* Services */ = {
			isa = PBXGroup;
			children = (
				42069DDFAB4457A16AF6492F /* CredentialService.swift */,
				B466FB316C76AB0C39E12E7B /* DiagnosticLogger.swift */,
				35EC230BC5F1EF207A984D87 /* FSEventsWatcher.swift */,
				054E2C5CD2CBA7B14AFF897A /* PricingFetchService.swift */,
				3D5BA98DFF322E54A1E5B1F2 /* SessionDataStore.swift */,
				1A4A95A6629B2D5258EA882D /* SessionScanner.swift */,
				DBCC86BBB585FC2927B58640 /* StatusLineInstaller.swift */,
				F79555858F7CDF21C9301D11 /* TranscriptParser.swift */,
				B7AD5E89B648F5018E34233A /* UpdaterService.swift */,
				7D3BC22C81208BA2B853C240 /* UsageAPIService.swift */,
				ZA8F08A1B2C3D4E5F6A7B8C8 /* UsageResetNotificationService.swift */,
				ZA2F02A1B2C3D4E5F6A7B8C2 /* ZaiCredentialService.swift */,
				ZA3F03A1B2C3D4E5F6A7B8C3 /* ZaiAPIService.swift */,
			);
			path = Services;
			sourceTree = "<group>";
		};
		2BCAA708931662EBE00EF601 /* ClaudeStatistics */ = {
			isa = PBXGroup;
			children = (
				B5C4223D247CA4D681A19D53 /* Assets.xcassets */,
				CC48F81473E62C269C6F830D /* App */,
				E35EDCF6E9274048C5840F07 /* Models */,
				417E2F5036800DE2EB2376A4 /* Resources */,
				23FF6F758EC531D3457CE044 /* Services */,
				23BF9034C5BAB628D0B18D2A /* Utilities */,
				630E776A88A7FDCBD895C84A /* ViewModels */,
				EF5D5ED012ADD07CF37DD104 /* Views */,
			);
			path = ClaudeStatistics;
			sourceTree = "<group>";
		};
		417E2F5036800DE2EB2376A4 /* Resources */ = {
			isa = PBXGroup;
			children = (
				2710C957B5C3CF8708B02CC6 /* Localizable.strings */,
			);
			path = Resources;
			sourceTree = "<group>";
		};
		630E776A88A7FDCBD895C84A /* ViewModels */ = {
			isa = PBXGroup;
			children = (
				1850A208EA7AE5CDF9896207 /* ProfileViewModel.swift */,
				58B71B5593D63536AB462D70 /* SessionViewModel.swift */,
				5306E49F4AF08425229312F0 /* UsageViewModel.swift */,
				ZA4F04A1B2C3D4E5F6A7B8C4 /* ZaiUsageViewModel.swift */,
			);
			path = ViewModels;
			sourceTree = "<group>";
		};
		79503F339D346E2E9123C7F3 = {
			isa = PBXGroup;
			children = (
				2BCAA708931662EBE00EF601 /* ClaudeStatistics */,
				1B498AB9E13809CA8F036D81 /* Products */,
			);
			sourceTree = "<group>";
		};
		CC48F81473E62C269C6F830D /* App */ = {
			isa = PBXGroup;
			children = (
				E3E1273546BE9434362C72E0 /* ClaudeStatistics.entitlements */,
				68083922F93D555879FAD90B /* ClaudeStatisticsApp.swift */,
				BF23C58F1F4E3E5605623ECE /* Info.plist */,
			);
			path = App;
			sourceTree = "<group>";
		};
		E35EDCF6E9274048C5840F07 /* Models */ = {
			isa = PBXGroup;
			children = (
				2EDF09CC0594DB9C35748FF4 /* AggregateStats.swift */,
				MB1F01A1B2C3D4E5F6A7B8C1 /* MenuBarUsageSelection.swift */,
				36F9BBB23CB057720EA99A7B /* Session.swift */,
				42AB2ACAC763533BC9654BE5 /* TranscriptEntry.swift */,
				5CA29EE31F9DA05A4CB0442F /* TrendDataPoint.swift */,
				370D33AC086199C95EC1E2CD /* UsageData.swift */,
				ZA7F07A1B2C3D4E5F6A7B8C7 /* UsageFeatureSupport.swift */,
				ZA1F01A1B2C3D4E5F6A7B8C1 /* ZaiUsageData.swift */,
			);
			path = Models;
			sourceTree = "<group>";
		};
		EF5D5ED012ADD07CF37DD104 /* Views */ = {
			isa = PBXGroup;
			children = (
				41054FA7DE043B7E25B4A88E /* MenuBarView.swift */,
				CD0415091A24EBCDA6840A49 /* SessionDetailView.swift */,
				CAF9A88BAC1F779F77E517EB /* SessionListView.swift */,
				011E707E6F2F284A99ECF925 /* SettingsView.swift */,
				6E1B839DD5F15A6A55AE3727 /* StatisticsView.swift */,
				EEDC6DF1C15355DC5AE2FCF9 /* TrendChartView.swift */,
				3511F107E29217FB16567AF9 /* UsageView.swift */,
				ZA5F05A1B2C3D4E5F6A7B8C5 /* ZaiUsageView.swift */,
				ZA6F06A1B2C3D4E5F6A7B8C6 /* ZaiModelUsageChartView.swift */,
			);
			path = Views;
			sourceTree = "<group>";
		};
/* End PBXGroup section */

/* Begin PBXNativeTarget section */
		B496B55EE6E4610508DBE13C /* ClaudeStatistics */ = {
			isa = PBXNativeTarget;
			buildConfigurationList = 79ECD41CCAFB7AA4F5CEF3A4 /* Build configuration list for PBXNativeTarget "ClaudeStatistics" */;
			buildPhases = (
				EEBADCFD08F8E7E8422CEDC9 /* Sources */,
				B10E66F4950EBC57F5510470 /* Resources */,
				9E8A0F3E80621A76D4EF7E77 /* Frameworks */,
			);
			buildRules = (
			);
			dependencies = (
			);
			name = ClaudeStatistics;
			packageProductDependencies = (
				0065997B44AE9D9948026A26 /* Sparkle */,
			);
			productName = ClaudeStatistics;
			productReference = 77339C38F26D780CFD6D03EB /* ClaudeStatistics.app */;
			productType = "com.apple.product-type.application";
		};
/* End PBXNativeTarget section */

/* Begin PBXProject section */
		18B1CC7C2F803601C447E6E4 /* Project object */ = {
			isa = PBXProject;
			attributes = {
				BuildIndependentTargetsInParallel = YES;
				LastUpgradeCheck = 1600;
				TargetAttributes = {
					B496B55EE6E4610508DBE13C = {
						ProvisioningStyle = Automatic;
					};
				};
			};
			buildConfigurationList = 966C204BEC3B01F6672DE019 /* Build configuration list for PBXProject "ClaudeStatistics" */;
			developmentRegion = en;
			hasScannedForEncodings = 0;
			knownRegions = (
				Base,
				en,
				"zh-Hans",
			);
			mainGroup = 79503F339D346E2E9123C7F3;
			minimizedProjectReferenceProxies = 1;
			packageReferences = (
				C927BC02711A30BEB80F2218 /* XCRemoteSwiftPackageReference "Sparkle" */,
			);
			preferredProjectObjectVersion = 77;
			productRefGroup = 1B498AB9E13809CA8F036D81 /* Products */;
			projectDirPath = "";
			projectRoot = "";
			targets = (
				B496B55EE6E4610508DBE13C /* ClaudeStatistics */,
			);
		};
/* End PBXProject section */

/* Begin PBXResourcesBuildPhase section */
		B10E66F4950EBC57F5510470 /* Resources */ = {
			isa = PBXResourcesBuildPhase;
			buildActionMask = 2147483647;
			files = (
				D06D7B513EFFD60742C93431 /* Assets.xcassets in Resources */,
				AC5082113B4136915E426299 /* Localizable.strings in Resources */,
			);
			runOnlyForDeploymentPostprocessing = 0;
		};
/* End PBXResourcesBuildPhase section */

/* Begin PBXSourcesBuildPhase section */
		EEBADCFD08F8E7E8422CEDC9 /* Sources */ = {
			isa = PBXSourcesBuildPhase;
			buildActionMask = 2147483647;
			files = (
				59FB58B0D4D4298AF8A3A1A6 /* AggregateStats.swift in Sources */,
				4A69484840B48CDE187957E0 /* AutoRefreshCoordinator.swift in Sources */,
				FEFC2968DA07D06063D40E24 /* ClaudeStatisticsApp.swift in Sources */,
				AD026F88B93877B8DC87E042 /* CredentialService.swift in Sources */,
				552244856F222EE6F9AFE7DA /* DiagnosticLogger.swift in Sources */,
				FA20F885511C5F92715056F9 /* FSEventsWatcher.swift in Sources */,
				E04B621B671D090DB9155348 /* LanguageManager.swift in Sources */,
				MB1001A1B2C3D4E5F6A7B8C9 /* MenuBarUsageSelection.swift in Sources */,
				F3272760285AF18F519D8E80 /* MenuBarView.swift in Sources */,
				4809D9A533DA37D1B71D1592 /* PricingFetchService.swift in Sources */,
				0BD1DED6EC1DFF9326A1CAE5 /* ProfileViewModel.swift in Sources */,
				1D84A21259B5673F6ABDFCC1 /* Session.swift in Sources */,
				3F7B6FCC8858E6DEECB776A0 /* SessionDataStore.swift in Sources */,
				E45AD6199CAB1661300675D6 /* SessionDetailView.swift in Sources */,
				9BE83C21285426ACBCAE6024 /* SessionListView.swift in Sources */,
				A808622B78A49E54748B910A /* SessionScanner.swift in Sources */,
				D64171EFA61052FC0A315681 /* SessionViewModel.swift in Sources */,
				E26C6870A1E9540BCA9E7045 /* SettingsView.swift in Sources */,
				686EC93B311494291E5BCE75 /* StatisticsView.swift in Sources */,
				A795EC97A42092FD1CDDABEB /* StatusLineInstaller.swift in Sources */,
				7FEDE160B6E6484B272C2078 /* TerminalLauncher.swift in Sources */,
				861A6FDE8151A6DF1D571793 /* TimeFormatter.swift in Sources */,
				5B8F2BC01D7A4526CD0AEAA4 /* TranscriptEntry.swift in Sources */,
				5ABBC48B689D173B40DDB85A /* TranscriptParser.swift in Sources */,
				6BA90267FC02621878E80D2A /* TrendChartView.swift in Sources */,
				BC876DE9A69A88B6272F0842 /* TrendDataPoint.swift in Sources */,
				3AD8ED72F8D42B9DB0614F77 /* UpdaterService.swift in Sources */,
				E19A0BCA11B03CD13E4A1F04 /* UsageAPIService.swift in Sources */,
				FDBE2C2C6B6D044072235F42 /* UsageData.swift in Sources */,
				ZA7007A1B2C3D4E5F6A7B8C9 /* UsageFeatureSupport.swift in Sources */,
				ZA8008A1B2C3D4E5F6A7B8C9 /* UsageResetNotificationService.swift in Sources */,
				F7761B0329D579925F2DB98E /* UsageView.swift in Sources */,
				C48BDE19A5E58235BAB61F51 /* UsageViewModel.swift in Sources */,
				ZA1001A1B2C3D4E5F6A7B8C9 /* ZaiUsageData.swift in Sources */,
				ZA2002A1B2C3D4E5F6A7B8C9 /* ZaiCredentialService.swift in Sources */,
				ZA3003A1B2C3D4E5F6A7B8C9 /* ZaiAPIService.swift in Sources */,
				ZA4004A1B2C3D4E5F6A7B8C9 /* ZaiUsageViewModel.swift in Sources */,
				ZA5005A1B2C3D4E5F6A7B8C9 /* ZaiUsageView.swift in Sources */,
				ZA6006A1B2C3D4E5F6A7B8C9 /* ZaiModelUsageChartView.swift in Sources */,
			);
			runOnlyForDeploymentPostprocessing = 0;
		};
/* End PBXSourcesBuildPhase section */

/* Begin PBXVariantGroup section */
		2710C957B5C3CF8708B02CC6 /* Localizable.strings */ = {
			isa = PBXVariantGroup;
			children = (
				609271D9D2750E6DBBCFFAC5 /* en */,
				A776ADBF033757E89353F9E2 /* zh-Hans */,
			);
			name = Localizable.strings;
			sourceTree = "<group>";
		};
/* End PBXVariantGroup section */

/* Begin XCBuildConfiguration section */
		5C8F906718BA2DDE289D9268 /* Release */ = {
			isa = XCBuildConfiguration;
			buildSettings = {
				ASSETCATALOG_COMPILER_APPICON_NAME = AppIcon;
				CODE_SIGN_ENTITLEMENTS = ClaudeStatistics/App/ClaudeStatistics.entitlements;
				CODE_SIGN_IDENTITY = "-";
				CODE_SIGN_STYLE = Automatic;
				COMBINE_HIDPI_IMAGES = YES;
				CURRENT_PROJECT_VERSION = 1.7.0;
				ENABLE_HARDENED_RUNTIME = NO;
				INFOPLIST_FILE = ClaudeStatistics/App/Info.plist;
				LD_RUNPATH_SEARCH_PATHS = "$(inherited) @executable_path/../Frameworks";
				MARKETING_VERSION = 1.7.0;
				PRODUCT_BUNDLE_IDENTIFIER = com.tinystone.ClaudeStatistics;
				PRODUCT_NAME = "Claude Statistics";
				SDKROOT = macosx;
			};
			name = Release;
		};
		B0F7F01D2D38C0878BD3A71F /* Release */ = {
			isa = XCBuildConfiguration;
			buildSettings = {
				ALWAYS_SEARCH_USER_PATHS = NO;
				CLANG_ANALYZER_NONNULL = YES;
				CLANG_ANALYZER_NUMBER_OBJECT_CONVERSION = YES_AGGRESSIVE;
				CLANG_CXX_LANGUAGE_STANDARD = "gnu++14";
				CLANG_CXX_LIBRARY = "libc++";
				CLANG_ENABLE_MODULES = YES;
				CLANG_ENABLE_OBJC_ARC = YES;
				CLANG_ENABLE_OBJC_WEAK = YES;
				CLANG_WARN_BLOCK_CAPTURE_AUTORELEASING = YES;
				CLANG_WARN_BOOL_CONVERSION = YES;
				CLANG_WARN_COMMA = YES;
				CLANG_WARN_CONSTANT_CONVERSION = YES;
				CLANG_WARN_DEPRECATED_OBJC_IMPLEMENTATIONS = YES;
				CLANG_WARN_DIRECT_OBJC_ISA_USAGE = YES_ERROR;
				CLANG_WARN_DOCUMENTATION_COMMENTS = YES;
				CLANG_WARN_EMPTY_BODY = YES;
				CLANG_WARN_ENUM_CONVERSION = YES;
				CLANG_WARN_INFINITE_RECURSION = YES;
				CLANG_WARN_INT_CONVERSION = YES;
				CLANG_WARN_NON_LITERAL_NULL_CONVERSION = YES;
				CLANG_WARN_OBJC_IMPLICIT_RETAIN_SELF = YES;
				CLANG_WARN_OBJC_LITERAL_CONVERSION = YES;
				CLANG_WARN_OBJC_ROOT_CLASS = YES_ERROR;
				CLANG_WARN_QUOTED_INCLUDE_IN_FRAMEWORK_HEADER = YES;
				CLANG_WARN_RANGE_LOOP_ANALYSIS = YES;
				CLANG_WARN_STRICT_PROTOTYPES = YES;
				CLANG_WARN_SUSPICIOUS_MOVE = YES;
				CLANG_WARN_UNGUARDED_AVAILABILITY = YES_AGGRESSIVE;
				CLANG_WARN_UNREACHABLE_CODE = YES;
				CLANG_WARN__DUPLICATE_METHOD_MATCH = YES;
				COPY_PHASE_STRIP = NO;
				DEBUG_INFORMATION_FORMAT = "dwarf-with-dsym";
				DEVELOPMENT_LANGUAGE = en;
				ENABLE_NS_ASSERTIONS = NO;
				ENABLE_STRICT_OBJC_MSGSEND = YES;
				GCC_C_LANGUAGE_STANDARD = gnu11;
				GCC_NO_COMMON_BLOCKS = YES;
				GCC_WARN_64_TO_32_BIT_CONVERSION = YES;
				GCC_WARN_ABOUT_RETURN_TYPE = YES_ERROR;
				GCC_WARN_UNDECLARED_SELECTOR = YES;
				GCC_WARN_UNINITIALIZED_AUTOS = YES_AGGRESSIVE;
				GCC_WARN_UNUSED_FUNCTION = YES;
				GCC_WARN_UNUSED_VARIABLE = YES;
				MACOSX_DEPLOYMENT_TARGET = 14.0;
				MTL_ENABLE_DEBUG_INFO = NO;
				MTL_FAST_MATH = YES;
				PRODUCT_NAME = "$(TARGET_NAME)";
				SDKROOT = macosx;
				SWIFT_COMPILATION_MODE = wholemodule;
				SWIFT_OPTIMIZATION_LEVEL = "-O";
				SWIFT_VERSION = 5.9;
			};
			name = Release;
		};
		E097203612783F81BCE7CF77 /* Debug */ = {
			isa = XCBuildConfiguration;
			buildSettings = {
				ASSETCATALOG_COMPILER_APPICON_NAME = AppIcon;
				CODE_SIGN_ENTITLEMENTS = ClaudeStatistics/App/ClaudeStatistics.entitlements;
				CODE_SIGN_IDENTITY = "-";
				CODE_SIGN_STYLE = Automatic;
				COMBINE_HIDPI_IMAGES = YES;
				CURRENT_PROJECT_VERSION = 1.7.0;
				ENABLE_HARDENED_RUNTIME = NO;
				INFOPLIST_FILE = ClaudeStatistics/App/Info.plist;
				LD_RUNPATH_SEARCH_PATHS = "$(inherited) @executable_path/../Frameworks";
				MARKETING_VERSION = 1.7.0;
				PRODUCT_BUNDLE_IDENTIFIER = com.tinystone.ClaudeStatistics;
				PRODUCT_NAME = "Claude Statistics";
				SDKROOT = macosx;
			};
			name = Debug;
		};
		E211846C204B0D828271E7C6 /* Debug */ = {
			isa = XCBuildConfiguration;
			buildSettings = {
				ALWAYS_SEARCH_USER_PATHS = NO;
				CLANG_ANALYZER_NONNULL = YES;
				CLANG_ANALYZER_NUMBER_OBJECT_CONVERSION = YES_AGGRESSIVE;
				CLANG_CXX_LANGUAGE_STANDARD = "gnu++14";
				CLANG_CXX_LIBRARY = "libc++";
				CLANG_ENABLE_MODULES = YES;
				CLANG_ENABLE_OBJC_ARC = YES;
				CLANG_ENABLE_OBJC_WEAK = YES;
				CLANG_WARN_BLOCK_CAPTURE_AUTORELEASING = YES;
				CLANG_WARN_BOOL_CONVERSION = YES;
				CLANG_WARN_COMMA = YES;
				CLANG_WARN_CONSTANT_CONVERSION = YES;
				CLANG_WARN_DEPRECATED_OBJC_IMPLEMENTATIONS = YES;
				CLANG_WARN_DIRECT_OBJC_ISA_USAGE = YES_ERROR;
				CLANG_WARN_DOCUMENTATION_COMMENTS = YES;
				CLANG_WARN_EMPTY_BODY = YES;
				CLANG_WARN_ENUM_CONVERSION = YES;
				CLANG_WARN_INFINITE_RECURSION = YES;
				CLANG_WARN_INT_CONVERSION = YES;
				CLANG_WARN_NON_LITERAL_NULL_CONVERSION = YES;
				CLANG_WARN_OBJC_IMPLICIT_RETAIN_SELF = YES;
				CLANG_WARN_OBJC_LITERAL_CONVERSION = YES;
				CLANG_WARN_OBJC_ROOT_CLASS = YES_ERROR;
				CLANG_WARN_QUOTED_INCLUDE_IN_FRAMEWORK_HEADER = YES;
				CLANG_WARN_RANGE_LOOP_ANALYSIS = YES;
				CLANG_WARN_STRICT_PROTOTYPES = YES;
				CLANG_WARN_SUSPICIOUS_MOVE = YES;
				CLANG_WARN_UNGUARDED_AVAILABILITY = YES_AGGRESSIVE;
				CLANG_WARN_UNREACHABLE_CODE = YES;
				CLANG_WARN__DUPLICATE_METHOD_MATCH = YES;
				COPY_PHASE_STRIP = NO;
				DEBUG_INFORMATION_FORMAT = dwarf;
				DEVELOPMENT_LANGUAGE = en;
				ENABLE_STRICT_OBJC_MSGSEND = YES;
				ENABLE_TESTABILITY = YES;
				GCC_C_LANGUAGE_STANDARD = gnu11;
				GCC_DYNAMIC_NO_PIC = NO;
				GCC_NO_COMMON_BLOCKS = YES;
				GCC_OPTIMIZATION_LEVEL = 0;
				GCC_PREPROCESSOR_DEFINITIONS = (
					"$(inherited)",
					"DEBUG=1",
				);
				GCC_WARN_64_TO_32_BIT_CONVERSION = YES;
				GCC_WARN_ABOUT_RETURN_TYPE = YES_ERROR;
				GCC_WARN_UNDECLARED_SELECTOR = YES;
				GCC_WARN_UNINITIALIZED_AUTOS = YES_AGGRESSIVE;
				GCC_WARN_UNUSED_FUNCTION = YES;
				GCC_WARN_UNUSED_VARIABLE = YES;
				MACOSX_DEPLOYMENT_TARGET = 14.0;
				MTL_ENABLE_DEBUG_INFO = INCLUDE_SOURCE;
				MTL_FAST_MATH = YES;
				ONLY_ACTIVE_ARCH = YES;
				PRODUCT_NAME = "$(TARGET_NAME)";
				SDKROOT = macosx;
				SWIFT_ACTIVE_COMPILATION_CONDITIONS = DEBUG;
				SWIFT_OPTIMIZATION_LEVEL = "-Onone";
				SWIFT_VERSION = 5.9;
			};
			name = Debug;
		};
/* End XCBuildConfiguration section */

/* Begin XCConfigurationList section */
		79ECD41CCAFB7AA4F5CEF3A4 /* Build configuration list for PBXNativeTarget "ClaudeStatistics" */ = {
			isa = XCConfigurationList;
			buildConfigurations = (
				E097203612783F81BCE7CF77 /* Debug */,
				5C8F906718BA2DDE289D9268 /* Release */,
			);
			defaultConfigurationIsVisible = 0;
			defaultConfigurationName = Debug;
		};
		966C204BEC3B01F6672DE019 /* Build configuration list for PBXProject "ClaudeStatistics" */ = {
			isa = XCConfigurationList;
			buildConfigurations = (
				E211846C204B0D828271E7C6 /* Debug */,
				B0F7F01D2D38C0878BD3A71F /* Release */,
			);
			defaultConfigurationIsVisible = 0;
			defaultConfigurationName = Debug;
		};
/* End XCConfigurationList section */

/* Begin XCRemoteSwiftPackageReference section */
		C927BC02711A30BEB80F2218 /* XCRemoteSwiftPackageReference "Sparkle" */ = {
			isa = XCRemoteSwiftPackageReference;
			repositoryURL = "https://github.com/sparkle-project/Sparkle";
			requirement = {
				kind = upToNextMajorVersion;
				minimumVersion = 2.6.0;
			};
		};
/* End XCRemoteSwiftPackageReference section */

/* Begin XCSwiftPackageProductDependency section */
		0065997B44AE9D9948026A26 /* Sparkle */ = {
			isa = XCSwiftPackageProductDependency;
			package = C927BC02711A30BEB80F2218 /* XCRemoteSwiftPackageReference "Sparkle" */;
			productName = Sparkle;
		};
/* End XCSwiftPackageProductDependency section */
	};
	rootObject = 18B1CC7C2F803601C447E6E4 /* Project object */;
}
