// !$*UTF8*$!
{
	archiveVersion = 1;
	classes = {
	};
	objectVersion = 77;
	objects = {

/* Begin PBXBuildFile section */
		01686B843F57F415D991361F /* TranscriptDisplayMessage.swift in Sources */ = {isa = PBXBuildFile; fileRef = 630E94D819F3948CF3D57365 /* TranscriptDisplayMessage.swift */; };
		0403F7B265465E6743499C52 /* TranscriptParser.swift in Sources */ = {isa = PBXBuildFile; fileRef = E59B402C6902996368A65A6F /* TranscriptParser.swift */; };
		08EAA341478D88DCA10B74EE /* ClaudeManagedAccountStore.swift in Sources */ = {isa = PBXBuildFile; fileRef = DA847F7AAA8B25206BA33E25 /* ClaudeManagedAccountStore.swift */; };
		09979C26D757D52202ED250D /* Theme.swift in Sources */ = {isa = PBXBuildFile; fileRef = 0AF9820A8A06DCCE5C35C294 /* Theme.swift */; };
		0BD1DED6EC1DFF9326A1CAE5 /* ProfileViewModel.swift in Sources */ = {isa = PBXBuildFile; fileRef = 1850A208EA7AE5CDF9896207 /* ProfileViewModel.swift */; };
		0C7549CCF06B1A0728B91FB2 /* CodexUsageService.swift in Sources */ = {isa = PBXBuildFile; fileRef = DC3A33B6B13FE8262C5C6281 /* CodexUsageService.swift */; };
		1835A993B30EC7AE040F7829 /* SessionScanner.swift in Sources */ = {isa = PBXBuildFile; fileRef = 54DA495D7C6105F8AD37FD7D /* SessionScanner.swift */; };
		19BCF9602F4555F5E007C0EA /* ShareCardView.swift in Sources */ = {isa = PBXBuildFile; fileRef = D9D13F949F9557AC75AAC3B1 /* ShareCardView.swift */; };
		1A2595CC75D0C5C9E079B80B /* ClaudeOAuthCallbackServer.swift in Sources */ = {isa = PBXBuildFile; fileRef = 86DF62498CA52D57F92CB797 /* ClaudeOAuthCallbackServer.swift */; };
		1B488E45E75E65B8C90BD746 /* ClaudeOAuthLoginSheet.swift in Sources */ = {isa = PBXBuildFile; fileRef = D0C3351516C414AC7F51400E /* ClaudeOAuthLoginSheet.swift */; };
		1D84A21259B5673F6ABDFCC1 /* Session.swift in Sources */ = {isa = PBXBuildFile; fileRef = 36F9BBB23CB057720EA99A7B /* Session.swift */; };
		1DD56466FA2EB5FEF570FF9B /* ProjectAnalyticsView.swift in Sources */ = {isa = PBXBuildFile; fileRef = E61FA41EAFBAE59342A3A526 /* ProjectAnalyticsView.swift */; };
		278FAA854F5697F99EB34F5A /* GeminiPricingFetchService.swift in Sources */ = {isa = PBXBuildFile; fileRef = 398009672C963C1E8B72A03E /* GeminiPricingFetchService.swift */; };
		3055EFB90B07E9A7824E77EB /* CodexStatusLineInstaller.swift in Sources */ = {isa = PBXBuildFile; fileRef = C069BA3F5161E12CD1295E1B /* CodexStatusLineInstaller.swift */; };
		34A9401E132F4ABEA53988D7 /* ProviderKind.swift in Sources */ = {isa = PBXBuildFile; fileRef = FFF5BCA9439BEAF2D53992A0 /* ProviderKind.swift */; };
		3984119891F7BF33DEFA170B /* CodexAccountManager.swift in Sources */ = {isa = PBXBuildFile; fileRef = 684978AF102DA512FCD3D129 /* CodexAccountManager.swift */; };
		3A28E84ED0B7490923FA86B0 /* ShareMetrics.swift in Sources */ = {isa = PBXBuildFile; fileRef = FA8B62A57C9E8AD16345458A /* ShareMetrics.swift */; };
		3AD8ED72F8D42B9DB0614F77 /* UpdaterService.swift in Sources */ = {isa = PBXBuildFile; fileRef = B7AD5E89B648F5018E34233A /* UpdaterService.swift */; };
		3EB9F1EB0E5CCFFEB816D80D /* GlobalHotKeyManager.swift in Sources */ = {isa = PBXBuildFile; fileRef = 5B4066C394B5E23322D32189 /* GlobalHotKeyManager.swift */; };
		3EFB09CA9B06B024D797832B /* UsageAPIService.swift in Sources */ = {isa = PBXBuildFile; fileRef = 32FE333B9AD0368698B9A39F /* UsageAPIService.swift */; };
		3F7B6FCC8858E6DEECB776A0 /* SessionDataStore.swift in Sources */ = {isa = PBXBuildFile; fileRef = 3D5BA98DFF322E54A1E5B1F2 /* SessionDataStore.swift */; };
		424369442B1C850D63CBB8C4 /* CodexProviderAccountCardSupplement.swift in Sources */ = {isa = PBXBuildFile; fileRef = 71A478AE0DFDC6ACA6A24199 /* CodexProviderAccountCardSupplement.swift */; };
		425E1709E0DB410412C38880 /* ShareRole.swift in Sources */ = {isa = PBXBuildFile; fileRef = 4E1858F23256C6FEBB750A08 /* ShareRole.swift */; };
		437AC945F5CE5337ED23DF9A /* AllTimeView.swift in Sources */ = {isa = PBXBuildFile; fileRef = 99EA37388B7B02AEDF9C7A78 /* AllTimeView.swift */; };
		43F77DC1A91245709B224E22 /* SessionProvider.swift in Sources */ = {isa = PBXBuildFile; fileRef = 993CBC30E02D8B4126EE22D5 /* SessionProvider.swift */; };
		44E7A09BC65C965BF8866C76 /* ShareRoleEngine.swift in Sources */ = {isa = PBXBuildFile; fileRef = A7C96479A32A5A1C4D1A624B /* ShareRoleEngine.swift */; };
		45389ED6B2BB7C7A180BE038 /* Sparkle in Frameworks */ = {isa = PBXBuildFile; productRef = 0065997B44AE9D9948026A26 /* Sparkle */; };
		45713102A127B294274B48AB /* PricingFetchService.swift in Sources */ = {isa = PBXBuildFile; fileRef = 93CE07D7E98CD2B87F87C0E0 /* PricingFetchService.swift */; };
		480C7AC744109467B48A6A47 /* ClaudeProviderAccountCardAccessory.swift in Sources */ = {isa = PBXBuildFile; fileRef = 669DD3F7CA0ACD5A8FFF69A3 /* ClaudeProviderAccountCardAccessory.swift */; };
		4A69484840B48CDE187957E0 /* AutoRefreshCoordinator.swift in Sources */ = {isa = PBXBuildFile; fileRef = FAAFBA5B9EEDC2BB22BAF700 /* AutoRefreshCoordinator.swift */; };
		4E4BEF51FB660CE04D41338F /* IndependentClaudeAccountViewModel.swift in Sources */ = {isa = PBXBuildFile; fileRef = BAEEBABA82636376B36824D8 /* IndependentClaudeAccountViewModel.swift */; };
		5349F8DCA8E3C9A2C61A67D6 /* GeminiUsageService.swift in Sources */ = {isa = PBXBuildFile; fileRef = 2D75041CC7940EEFCCEE54FA /* GeminiUsageService.swift */; };
		552244856F222EE6F9AFE7DA /* DiagnosticLogger.swift in Sources */ = {isa = PBXBuildFile; fileRef = B466FB316C76AB0C39E12E7B /* DiagnosticLogger.swift */; };
		55DE2FD77D568E40AE4C239B /* CodexProvider.swift in Sources */ = {isa = PBXBuildFile; fileRef = CCF8FD132C6328D09C336FB9 /* CodexProvider.swift */; };
		58108CACA592BE955CCE7191 /* GeminiTranscriptParser.swift in Sources */ = {isa = PBXBuildFile; fileRef = 488C2018A8681C6E971CF6A8 /* GeminiTranscriptParser.swift */; };
		58946ED75833B063091E2FC7 /* SharePreviewWindowController.swift in Sources */ = {isa = PBXBuildFile; fileRef = 24A2B4F377370E1969E00AD7 /* SharePreviewWindowController.swift */; };
		58C1BB54AF46F2D4E1C5DAAB /* CredentialService.swift in Sources */ = {isa = PBXBuildFile; fileRef = EA6D16472FCD12FE7A8C1891 /* CredentialService.swift */; };
		59298F37D7A1A2583638B7A2 /* GeminiSessionScanner.swift in Sources */ = {isa = PBXBuildFile; fileRef = EFDF211CE0556F7AFC14399A /* GeminiSessionScanner.swift */; };
		59FB58B0D4D4298AF8A3A1A6 /* AggregateStats.swift in Sources */ = {isa = PBXBuildFile; fileRef = 2EDF09CC0594DB9C35748FF4 /* AggregateStats.swift */; };
		5B8F2BC01D7A4526CD0AEAA4 /* TranscriptEntry.swift in Sources */ = {isa = PBXBuildFile; fileRef = 42AB2ACAC763533BC9654BE5 /* TranscriptEntry.swift */; };
		5BB6284456AC6029BBF8DE0D /* UsageHistoryStore.swift in Sources */ = {isa = PBXBuildFile; fileRef = E476D9F870BCC0644BC74FD3 /* UsageHistoryStore.swift */; };
		686EC93B311494291E5BCE75 /* StatisticsView.swift in Sources */ = {isa = PBXBuildFile; fileRef = 6E1B839DD5F15A6A55AE3727 /* StatisticsView.swift */; };
		69EF6003B2821815ABF527BF /* SessionQuickStats.swift in Sources */ = {isa = PBXBuildFile; fileRef = F9BE6119BE603D9EB8BB22C7 /* SessionQuickStats.swift */; };
		6BA90267FC02621878E80D2A /* TrendChartView.swift in Sources */ = {isa = PBXBuildFile; fileRef = EEDC6DF1C15355DC5AE2FCF9 /* TrendChartView.swift */; };
		7674AC8643AF2C6126880D3C /* TranscriptView.swift in Sources */ = {isa = PBXBuildFile; fileRef = 73D3015C65881224ECFCC5BB /* TranscriptView.swift */; };
		782C13B8933AD2748F655738 /* CodexTranscriptParser.swift in Sources */ = {isa = PBXBuildFile; fileRef = 49C9349BA491065487D09AA0 /* CodexTranscriptParser.swift */; };
		7FEDE160B6E6484B272C2078 /* TerminalLauncher.swift in Sources */ = {isa = PBXBuildFile; fileRef = FA42F7AC4BB41556CDC7EFCC /* TerminalLauncher.swift */; };
		831EA76C2D78A3EB01923445 /* UsageTrendChartView.swift in Sources */ = {isa = PBXBuildFile; fileRef = 8897EC95FCBE7A6D1A915AC7 /* UsageTrendChartView.swift */; };
		8432063CFEAF9CF37D840A71 /* ProviderSettingsSectionProviding.swift in Sources */ = {isa = PBXBuildFile; fileRef = 0A1B35CE39EF2CA012E3BAC2 /* ProviderSettingsSectionProviding.swift */; };
		8446541DF0CE23D10CA93E2D /* IndependentClaudeCredentialStore.swift in Sources */ = {isa = PBXBuildFile; fileRef = 768B90604779E18157A73FBB /* IndependentClaudeCredentialStore.swift */; };
		861A6FDE8151A6DF1D571793 /* TimeFormatter.swift in Sources */ = {isa = PBXBuildFile; fileRef = 15FB669CCF4C2F10D4550624 /* TimeFormatter.swift */; };
		8A89E3E017EAC054C8AA6B8F /* GeminiStatusLineInstaller.swift in Sources */ = {isa = PBXBuildFile; fileRef = D0A898F5BCC7044CA037D185 /* GeminiStatusLineInstaller.swift */; };
		8D240F8C55163EE6DD3DAC08 /* SearchUtils.swift in Sources */ = {isa = PBXBuildFile; fileRef = 1EBE034854D1539811ED0D5F /* SearchUtils.swift */; };
		9316665886245686434A4BF4 /* IndependentClaudeAccountManager.swift in Sources */ = {isa = PBXBuildFile; fileRef = D0CA06E1C8046BE97A74F7C3 /* IndependentClaudeAccountManager.swift */; };
		9BE83C21285426ACBCAE6024 /* SessionListView.swift in Sources */ = {isa = PBXBuildFile; fileRef = CAF9A88BAC1F779F77E517EB /* SessionListView.swift */; };
		AC04F7B90669B03A4D8B3551 /* DatabaseService.swift in Sources */ = {isa = PBXBuildFile; fileRef = 6749A9BF125AC2A04C7043D5 /* DatabaseService.swift */; };
		AC5082113B4136915E426299 /* Localizable.strings in Resources */ = {isa = PBXBuildFile; fileRef = 2710C957B5C3CF8708B02CC6 /* Localizable.strings */; };
		AFE5B13BCD7D98DD27DF6EA0 /* GeminiProviderAccountCardAccessory.swift in Sources */ = {isa = PBXBuildFile; fileRef = 5BD468B7884551FA250E5E0C /* GeminiProviderAccountCardAccessory.swift */; };
		B04844AD3BA910295978D241 /* StatusBarPanel.swift in Sources */ = {isa = PBXBuildFile; fileRef = F5486873DBEC29739725E366 /* StatusBarPanel.swift */; };
		B872C0AE8B54239EEA84509E /* ClaudeAccountModeController.swift in Sources */ = {isa = PBXBuildFile; fileRef = BD2C72B18AE30277C693576A /* ClaudeAccountModeController.swift */; };
		BB9902B8A5E35FB7C78F63F0 /* SharePreviewView.swift in Sources */ = {isa = PBXBuildFile; fileRef = 52FF7E2030D328036A1F8F6D /* SharePreviewView.swift */; };
		BC876DE9A69A88B6272F0842 /* TrendDataPoint.swift in Sources */ = {isa = PBXBuildFile; fileRef = 5CA29EE31F9DA05A4CB0442F /* TrendDataPoint.swift */; };
		C096DD401EB0F2A1E31EFFB9 /* GeminiProvider.swift in Sources */ = {isa = PBXBuildFile; fileRef = 6470B331BB31EF4AE6E5CF51 /* GeminiProvider.swift */; };
		C1946155BDD0D0ABEB98F6B5 /* TelemetryDeck in Frameworks */ = {isa = PBXBuildFile; productRef = 0978977B964239E918826F41 /* TelemetryDeck */; };
		C48BDE19A5E58235BAB61F51 /* UsageViewModel.swift in Sources */ = {isa = PBXBuildFile; fileRef = 5306E49F4AF08425229312F0 /* UsageViewModel.swift */; };
		CD199764729FDA8146948C4C /* ShareImageExporter.swift in Sources */ = {isa = PBXBuildFile; fileRef = C220944581C7418B7B1797F3 /* ShareImageExporter.swift */; };
		D06D7B513EFFD60742C93431 /* Assets.xcassets in Resources */ = {isa = PBXBuildFile; fileRef = B5C4223D247CA4D681A19D53 /* Assets.xcassets */; };
		D64171EFA61052FC0A315681 /* SessionViewModel.swift in Sources */ = {isa = PBXBuildFile; fileRef = 58B71B5593D63536AB462D70 /* SessionViewModel.swift */; };
		D7035463E2541293F55B654D /* ClaudePKCE.swift in Sources */ = {isa = PBXBuildFile; fileRef = EDE6D238094644B3E5ECD8C9 /* ClaudePKCE.swift */; };
		D73C2A7290E0250F8B50A372 /* StatusBarController.swift in Sources */ = {isa = PBXBuildFile; fileRef = C3374C538E77CED126DE3016 /* StatusBarController.swift */; };
		DD7C095838B9FA06B94D9DFA /* GeminiAccountManager.swift in Sources */ = {isa = PBXBuildFile; fileRef = 8938B8C0465ECC95BC0D9BAF /* GeminiAccountManager.swift */; };
		DFB7E8400551BE83B025A6A4 /* ShareMetricsBuilder.swift in Sources */ = {isa = PBXBuildFile; fileRef = 6F0F61EEF95C517CC0B363C3 /* ShareMetricsBuilder.swift */; };
		E04B621B671D090DB9155348 /* LanguageManager.swift in Sources */ = {isa = PBXBuildFile; fileRef = D1519B833F38D44123500B58 /* LanguageManager.swift */; };
		E19C7F4107E38E4F014A9A27 /* libsqlite3.tbd in Frameworks */ = {isa = PBXBuildFile; fileRef = 7803032F49F6D004A094939E /* libsqlite3.tbd */; };
		E26C6870A1E9540BCA9E7045 /* SettingsView.swift in Sources */ = {isa = PBXBuildFile; fileRef = 011E707E6F2F284A99ECF925 /* SettingsView.swift */; };
		E45AD6199CAB1661300675D6 /* SessionDetailView.swift in Sources */ = {isa = PBXBuildFile; fileRef = CD0415091A24EBCDA6840A49 /* SessionDetailView.swift */; };
		E58B6A3A03084C0705C450F5 /* ProviderRegistry.swift in Sources */ = {isa = PBXBuildFile; fileRef = 6AE7C2A2D6731BCD2D826C90 /* ProviderRegistry.swift */; };
		EC17520544A6FEEA8B3F3430 /* ClaudeProvider.swift in Sources */ = {isa = PBXBuildFile; fileRef = 7AA9035C5B842200A3C1F84E /* ClaudeProvider.swift */; };
		F033B4012C3FDB70B0DA893D /* ClaudeOAuthClient.swift in Sources */ = {isa = PBXBuildFile; fileRef = 3E2B51B9EC984248C05583D1 /* ClaudeOAuthClient.swift */; };
		F26A77813CEED46677E6F756 /* StatusLineInstaller.swift in Sources */ = {isa = PBXBuildFile; fileRef = FF2A749714584E4976171E9D /* StatusLineInstaller.swift */; };
		F324566F7B85AFF3C7E1EEAC /* CalendarHeatmap.swift in Sources */ = {isa = PBXBuildFile; fileRef = 1390435247ECA654A169EB3C /* CalendarHeatmap.swift */; };
		F3272760285AF18F519D8E80 /* MenuBarView.swift in Sources */ = {isa = PBXBuildFile; fileRef = 41054FA7DE043B7E25B4A88E /* MenuBarView.swift */; };
		F34E915FE87F63D8BB7181BD /* ClaudeAccountManager.swift in Sources */ = {isa = PBXBuildFile; fileRef = C931907E9B4996736E4A7373 /* ClaudeAccountManager.swift */; };
		F7761B0329D579925F2DB98E /* UsageView.swift in Sources */ = {isa = PBXBuildFile; fileRef = 3511F107E29217FB16567AF9 /* UsageView.swift */; };
		FA20F885511C5F92715056F9 /* FSEventsWatcher.swift in Sources */ = {isa = PBXBuildFile; fileRef = 35EC230BC5F1EF207A984D87 /* FSEventsWatcher.swift */; };
		FD14DC1AD66B5C54FED7B078 /* CodexSessionScanner.swift in Sources */ = {isa = PBXBuildFile; fileRef = 872985FBB1CB099BD6D4B01E /* CodexSessionScanner.swift */; };
		FDBE2C2C6B6D044072235F42 /* UsageData.swift in Sources */ = {isa = PBXBuildFile; fileRef = 370D33AC086199C95EC1E2CD /* UsageData.swift */; };
		FE5ADEDB9BFDB937666A3163 /* ClaudeAccountSourcePickerRow.swift in Sources */ = {isa = PBXBuildFile; fileRef = 40D1CDF1FEEF8397DDFDBBDC /* ClaudeAccountSourcePickerRow.swift */; };
		FEFC2968DA07D06063D40E24 /* ClaudeStatisticsApp.swift in Sources */ = {isa = PBXBuildFile; fileRef = 68083922F93D555879FAD90B /* ClaudeStatisticsApp.swift */; };
		FF23B86D06717D1D06D1BC63 /* MarkdownView in Frameworks */ = {isa = PBXBuildFile; productRef = D9B81B6A9F5F3A3C056BB0D3 /* MarkdownView */; };
/* End PBXBuildFile section */

/* Begin PBXFileReference section */
		011E707E6F2F284A99ECF925 /* SettingsView.swift */ = {isa = PBXFileReference; lastKnownFileType = sourcecode.swift; path = SettingsView.swift; sourceTree = "<group>"; };
		0A1B35CE39EF2CA012E3BAC2 /* ProviderSettingsSectionProviding.swift */ = {isa = PBXFileReference; lastKnownFileType = sourcecode.swift; path = ProviderSettingsSectionProviding.swift; sourceTree = "<group>"; };
		0AF9820A8A06DCCE5C35C294 /* Theme.swift */ = {isa = PBXFileReference; lastKnownFileType = sourcecode.swift; path = Theme.swift; sourceTree = "<group>"; };
		1390435247ECA654A169EB3C /* CalendarHeatmap.swift */ = {isa = PBXFileReference; lastKnownFileType = sourcecode.swift; path = CalendarHeatmap.swift; sourceTree = "<group>"; };
		15FB669CCF4C2F10D4550624 /* TimeFormatter.swift */ = {isa = PBXFileReference; lastKnownFileType = sourcecode.swift; path = TimeFormatter.swift; sourceTree = "<group>"; };
		1850A208EA7AE5CDF9896207 /* ProfileViewModel.swift */ = {isa = PBXFileReference; lastKnownFileType = sourcecode.swift; path = ProfileViewModel.swift; sourceTree = "<group>"; };
		1EBE034854D1539811ED0D5F /* SearchUtils.swift */ = {isa = PBXFileReference; lastKnownFileType = sourcecode.swift; path = SearchUtils.swift; sourceTree = "<group>"; };
		24A2B4F377370E1969E00AD7 /* SharePreviewWindowController.swift */ = {isa = PBXFileReference; lastKnownFileType = sourcecode.swift; path = SharePreviewWindowController.swift; sourceTree = "<group>"; };
		2D75041CC7940EEFCCEE54FA /* GeminiUsageService.swift */ = {isa = PBXFileReference; lastKnownFileType = sourcecode.swift; path = GeminiUsageService.swift; sourceTree = "<group>"; };
		2EDF09CC0594DB9C35748FF4 /* AggregateStats.swift */ = {isa = PBXFileReference; lastKnownFileType = sourcecode.swift; path = AggregateStats.swift; sourceTree = "<group>"; };
		32FE333B9AD0368698B9A39F /* UsageAPIService.swift */ = {isa = PBXFileReference; lastKnownFileType = sourcecode.swift; path = UsageAPIService.swift; sourceTree = "<group>"; };
		3511F107E29217FB16567AF9 /* UsageView.swift */ = {isa = PBXFileReference; lastKnownFileType = sourcecode.swift; path = UsageView.swift; sourceTree = "<group>"; };
		35EC230BC5F1EF207A984D87 /* FSEventsWatcher.swift */ = {isa = PBXFileReference; lastKnownFileType = sourcecode.swift; path = FSEventsWatcher.swift; sourceTree = "<group>"; };
		36F9BBB23CB057720EA99A7B /* Session.swift */ = {isa = PBXFileReference; lastKnownFileType = sourcecode.swift; path = Session.swift; sourceTree = "<group>"; };
		370D33AC086199C95EC1E2CD /* UsageData.swift */ = {isa = PBXFileReference; lastKnownFileType = sourcecode.swift; path = UsageData.swift; sourceTree = "<group>"; };
		398009672C963C1E8B72A03E /* GeminiPricingFetchService.swift */ = {isa = PBXFileReference; lastKnownFileType = sourcecode.swift; path = GeminiPricingFetchService.swift; sourceTree = "<group>"; };
		3D5BA98DFF322E54A1E5B1F2 /* SessionDataStore.swift */ = {isa = PBXFileReference; lastKnownFileType = sourcecode.swift; path = SessionDataStore.swift; sourceTree = "<group>"; };
		3E2B51B9EC984248C05583D1 /* ClaudeOAuthClient.swift */ = {isa = PBXFileReference; lastKnownFileType = sourcecode.swift; path = ClaudeOAuthClient.swift; sourceTree = "<group>"; };
		40D1CDF1FEEF8397DDFDBBDC /* ClaudeAccountSourcePickerRow.swift */ = {isa = PBXFileReference; lastKnownFileType = sourcecode.swift; path = ClaudeAccountSourcePickerRow.swift; sourceTree = "<group>"; };
		41054FA7DE043B7E25B4A88E /* MenuBarView.swift */ = {isa = PBXFileReference; lastKnownFileType = sourcecode.swift; path = MenuBarView.swift; sourceTree = "<group>"; };
		42AB2ACAC763533BC9654BE5 /* TranscriptEntry.swift */ = {isa = PBXFileReference; lastKnownFileType = sourcecode.swift; path = TranscriptEntry.swift; sourceTree = "<group>"; };
		488C2018A8681C6E971CF6A8 /* GeminiTranscriptParser.swift */ = {isa = PBXFileReference; lastKnownFileType = sourcecode.swift; path = GeminiTranscriptParser.swift; sourceTree = "<group>"; };
		49C9349BA491065487D09AA0 /* CodexTranscriptParser.swift */ = {isa = PBXFileReference; lastKnownFileType = sourcecode.swift; path = CodexTranscriptParser.swift; sourceTree = "<group>"; };
		4E1858F23256C6FEBB750A08 /* ShareRole.swift */ = {isa = PBXFileReference; lastKnownFileType = sourcecode.swift; path = ShareRole.swift; sourceTree = "<group>"; };
		52FF7E2030D328036A1F8F6D /* SharePreviewView.swift */ = {isa = PBXFileReference; lastKnownFileType = sourcecode.swift; path = SharePreviewView.swift; sourceTree = "<group>"; };
		5306E49F4AF08425229312F0 /* UsageViewModel.swift */ = {isa = PBXFileReference; lastKnownFileType = sourcecode.swift; path = UsageViewModel.swift; sourceTree = "<group>"; };
		54DA495D7C6105F8AD37FD7D /* SessionScanner.swift */ = {isa = PBXFileReference; lastKnownFileType = sourcecode.swift; path = SessionScanner.swift; sourceTree = "<group>"; };
		58B71B5593D63536AB462D70 /* SessionViewModel.swift */ = {isa = PBXFileReference; lastKnownFileType = sourcecode.swift; path = SessionViewModel.swift; sourceTree = "<group>"; };
		5B4066C394B5E23322D32189 /* GlobalHotKeyManager.swift */ = {isa = PBXFileReference; lastKnownFileType = sourcecode.swift; path = GlobalHotKeyManager.swift; sourceTree = "<group>"; };
		5BD468B7884551FA250E5E0C /* GeminiProviderAccountCardAccessory.swift */ = {isa = PBXFileReference; lastKnownFileType = sourcecode.swift; path = GeminiProviderAccountCardAccessory.swift; sourceTree = "<group>"; };
		5CA29EE31F9DA05A4CB0442F /* TrendDataPoint.swift */ = {isa = PBXFileReference; lastKnownFileType = sourcecode.swift; path = TrendDataPoint.swift; sourceTree = "<group>"; };
		609271D9D2750E6DBBCFFAC5 /* en */ = {isa = PBXFileReference; lastKnownFileType = text.plist.strings; name = en; path = en.lproj/Localizable.strings; sourceTree = "<group>"; };
		630E94D819F3948CF3D57365 /* TranscriptDisplayMessage.swift */ = {isa = PBXFileReference; lastKnownFileType = sourcecode.swift; path = TranscriptDisplayMessage.swift; sourceTree = "<group>"; };
		6470B331BB31EF4AE6E5CF51 /* GeminiProvider.swift */ = {isa = PBXFileReference; lastKnownFileType = sourcecode.swift; path = GeminiProvider.swift; sourceTree = "<group>"; };
		669DD3F7CA0ACD5A8FFF69A3 /* ClaudeProviderAccountCardAccessory.swift */ = {isa = PBXFileReference; lastKnownFileType = sourcecode.swift; path = ClaudeProviderAccountCardAccessory.swift; sourceTree = "<group>"; };
		6749A9BF125AC2A04C7043D5 /* DatabaseService.swift */ = {isa = PBXFileReference; lastKnownFileType = sourcecode.swift; path = DatabaseService.swift; sourceTree = "<group>"; };
		68083922F93D555879FAD90B /* ClaudeStatisticsApp.swift */ = {isa = PBXFileReference; lastKnownFileType = sourcecode.swift; path = ClaudeStatisticsApp.swift; sourceTree = "<group>"; };
		684978AF102DA512FCD3D129 /* CodexAccountManager.swift */ = {isa = PBXFileReference; lastKnownFileType = sourcecode.swift; path = CodexAccountManager.swift; sourceTree = "<group>"; };
		6AE7C2A2D6731BCD2D826C90 /* ProviderRegistry.swift */ = {isa = PBXFileReference; lastKnownFileType = sourcecode.swift; path = ProviderRegistry.swift; sourceTree = "<group>"; };
		6E1B839DD5F15A6A55AE3727 /* StatisticsView.swift */ = {isa = PBXFileReference; lastKnownFileType = sourcecode.swift; path = StatisticsView.swift; sourceTree = "<group>"; };
		6F0F61EEF95C517CC0B363C3 /* ShareMetricsBuilder.swift */ = {isa = PBXFileReference; lastKnownFileType = sourcecode.swift; path = ShareMetricsBuilder.swift; sourceTree = "<group>"; };
		71A478AE0DFDC6ACA6A24199 /* CodexProviderAccountCardSupplement.swift */ = {isa = PBXFileReference; lastKnownFileType = sourcecode.swift; path = CodexProviderAccountCardSupplement.swift; sourceTree = "<group>"; };
		73D3015C65881224ECFCC5BB /* TranscriptView.swift */ = {isa = PBXFileReference; lastKnownFileType = sourcecode.swift; path = TranscriptView.swift; sourceTree = "<group>"; };
		768B90604779E18157A73FBB /* IndependentClaudeCredentialStore.swift */ = {isa = PBXFileReference; lastKnownFileType = sourcecode.swift; path = IndependentClaudeCredentialStore.swift; sourceTree = "<group>"; };
		77339C38F26D780CFD6D03EB /* ClaudeStatistics.app */ = {isa = PBXFileReference; explicitFileType = wrapper.application; includeInIndex = 0; path = ClaudeStatistics.app; sourceTree = BUILT_PRODUCTS_DIR; };
		7803032F49F6D004A094939E /* libsqlite3.tbd */ = {isa = PBXFileReference; lastKnownFileType = "sourcecode.text-based-dylib-definition"; name = libsqlite3.tbd; path = usr/lib/libsqlite3.tbd; sourceTree = SDKROOT; };
		7AA9035C5B842200A3C1F84E /* ClaudeProvider.swift */ = {isa = PBXFileReference; lastKnownFileType = sourcecode.swift; path = ClaudeProvider.swift; sourceTree = "<group>"; };
		86DF62498CA52D57F92CB797 /* ClaudeOAuthCallbackServer.swift */ = {isa = PBXFileReference; lastKnownFileType = sourcecode.swift; path = ClaudeOAuthCallbackServer.swift; sourceTree = "<group>"; };
		872985FBB1CB099BD6D4B01E /* CodexSessionScanner.swift */ = {isa = PBXFileReference; lastKnownFileType = sourcecode.swift; path = CodexSessionScanner.swift; sourceTree = "<group>"; };
		8897EC95FCBE7A6D1A915AC7 /* UsageTrendChartView.swift */ = {isa = PBXFileReference; lastKnownFileType = sourcecode.swift; path = UsageTrendChartView.swift; sourceTree = "<group>"; };
		8938B8C0465ECC95BC0D9BAF /* GeminiAccountManager.swift */ = {isa = PBXFileReference; lastKnownFileType = sourcecode.swift; path = GeminiAccountManager.swift; sourceTree = "<group>"; };
		93CE07D7E98CD2B87F87C0E0 /* PricingFetchService.swift */ = {isa = PBXFileReference; lastKnownFileType = sourcecode.swift; path = PricingFetchService.swift; sourceTree = "<group>"; };
		993CBC30E02D8B4126EE22D5 /* SessionProvider.swift */ = {isa = PBXFileReference; lastKnownFileType = sourcecode.swift; path = SessionProvider.swift; sourceTree = "<group>"; };
		99EA37388B7B02AEDF9C7A78 /* AllTimeView.swift */ = {isa = PBXFileReference; lastKnownFileType = sourcecode.swift; path = AllTimeView.swift; sourceTree = "<group>"; };
		A776ADBF033757E89353F9E2 /* zh-Hans */ = {isa = PBXFileReference; lastKnownFileType = text.plist.strings; name = "zh-Hans"; path = "zh-Hans.lproj/Localizable.strings"; sourceTree = "<group>"; };
		A7C96479A32A5A1C4D1A624B /* ShareRoleEngine.swift */ = {isa = PBXFileReference; lastKnownFileType = sourcecode.swift; path = ShareRoleEngine.swift; sourceTree = "<group>"; };
		B466FB316C76AB0C39E12E7B /* DiagnosticLogger.swift */ = {isa = PBXFileReference; lastKnownFileType = sourcecode.swift; path = DiagnosticLogger.swift; sourceTree = "<group>"; };
		B5C4223D247CA4D681A19D53 /* Assets.xcassets */ = {isa = PBXFileReference; lastKnownFileType = folder.assetcatalog; path = Assets.xcassets; sourceTree = "<group>"; };
		B7AD5E89B648F5018E34233A /* UpdaterService.swift */ = {isa = PBXFileReference; lastKnownFileType = sourcecode.swift; path = UpdaterService.swift; sourceTree = "<group>"; };
		BAEEBABA82636376B36824D8 /* IndependentClaudeAccountViewModel.swift */ = {isa = PBXFileReference; lastKnownFileType = sourcecode.swift; path = IndependentClaudeAccountViewModel.swift; sourceTree = "<group>"; };
		BD2C72B18AE30277C693576A /* ClaudeAccountModeController.swift */ = {isa = PBXFileReference; lastKnownFileType = sourcecode.swift; path = ClaudeAccountModeController.swift; sourceTree = "<group>"; };
		BF23C58F1F4E3E5605623ECE /* Info.plist */ = {isa = PBXFileReference; lastKnownFileType = text.plist; path = Info.plist; sourceTree = "<group>"; };
		C069BA3F5161E12CD1295E1B /* CodexStatusLineInstaller.swift */ = {isa = PBXFileReference; lastKnownFileType = sourcecode.swift; path = CodexStatusLineInstaller.swift; sourceTree = "<group>"; };
		C220944581C7418B7B1797F3 /* ShareImageExporter.swift */ = {isa = PBXFileReference; lastKnownFileType = sourcecode.swift; path = ShareImageExporter.swift; sourceTree = "<group>"; };
		C3374C538E77CED126DE3016 /* StatusBarController.swift */ = {isa = PBXFileReference; lastKnownFileType = sourcecode.swift; path = StatusBarController.swift; sourceTree = "<group>"; };
		C931907E9B4996736E4A7373 /* ClaudeAccountManager.swift */ = {isa = PBXFileReference; lastKnownFileType = sourcecode.swift; path = ClaudeAccountManager.swift; sourceTree = "<group>"; };
		CAF9A88BAC1F779F77E517EB /* SessionListView.swift */ = {isa = PBXFileReference; lastKnownFileType = sourcecode.swift; path = SessionListView.swift; sourceTree = "<group>"; };
		CCF8FD132C6328D09C336FB9 /* CodexProvider.swift */ = {isa = PBXFileReference; lastKnownFileType = sourcecode.swift; path = CodexProvider.swift; sourceTree = "<group>"; };
		CD0415091A24EBCDA6840A49 /* SessionDetailView.swift */ = {isa = PBXFileReference; lastKnownFileType = sourcecode.swift; path = SessionDetailView.swift; sourceTree = "<group>"; };
		D0A898F5BCC7044CA037D185 /* GeminiStatusLineInstaller.swift */ = {isa = PBXFileReference; lastKnownFileType = sourcecode.swift; path = GeminiStatusLineInstaller.swift; sourceTree = "<group>"; };
		D0C3351516C414AC7F51400E /* ClaudeOAuthLoginSheet.swift */ = {isa = PBXFileReference; lastKnownFileType = sourcecode.swift; path = ClaudeOAuthLoginSheet.swift; sourceTree = "<group>"; };
		D0CA06E1C8046BE97A74F7C3 /* IndependentClaudeAccountManager.swift */ = {isa = PBXFileReference; lastKnownFileType = sourcecode.swift; path = IndependentClaudeAccountManager.swift; sourceTree = "<group>"; };
		D1519B833F38D44123500B58 /* LanguageManager.swift */ = {isa = PBXFileReference; lastKnownFileType = sourcecode.swift; path = LanguageManager.swift; sourceTree = "<group>"; };
		D9D13F949F9557AC75AAC3B1 /* ShareCardView.swift */ = {isa = PBXFileReference; lastKnownFileType = sourcecode.swift; path = ShareCardView.swift; sourceTree = "<group>"; };
		DA847F7AAA8B25206BA33E25 /* ClaudeManagedAccountStore.swift */ = {isa = PBXFileReference; lastKnownFileType = sourcecode.swift; path = ClaudeManagedAccountStore.swift; sourceTree = "<group>"; };
		DC3A33B6B13FE8262C5C6281 /* CodexUsageService.swift */ = {isa = PBXFileReference; lastKnownFileType = sourcecode.swift; path = CodexUsageService.swift; sourceTree = "<group>"; };
		E3E1273546BE9434362C72E0 /* ClaudeStatistics.entitlements */ = {isa = PBXFileReference; lastKnownFileType = text.plist.entitlements; path = ClaudeStatistics.entitlements; sourceTree = "<group>"; };
		E476D9F870BCC0644BC74FD3 /* UsageHistoryStore.swift */ = {isa = PBXFileReference; lastKnownFileType = sourcecode.swift; path = UsageHistoryStore.swift; sourceTree = "<group>"; };
		E59B402C6902996368A65A6F /* TranscriptParser.swift */ = {isa = PBXFileReference; lastKnownFileType = sourcecode.swift; path = TranscriptParser.swift; sourceTree = "<group>"; };
		E61FA41EAFBAE59342A3A526 /* ProjectAnalyticsView.swift */ = {isa = PBXFileReference; lastKnownFileType = sourcecode.swift; path = ProjectAnalyticsView.swift; sourceTree = "<group>"; };
		EA6D16472FCD12FE7A8C1891 /* CredentialService.swift */ = {isa = PBXFileReference; lastKnownFileType = sourcecode.swift; path = CredentialService.swift; sourceTree = "<group>"; };
		EDE6D238094644B3E5ECD8C9 /* ClaudePKCE.swift */ = {isa = PBXFileReference; lastKnownFileType = sourcecode.swift; path = ClaudePKCE.swift; sourceTree = "<group>"; };
		EEDC6DF1C15355DC5AE2FCF9 /* TrendChartView.swift */ = {isa = PBXFileReference; lastKnownFileType = sourcecode.swift; path = TrendChartView.swift; sourceTree = "<group>"; };
		EFDF211CE0556F7AFC14399A /* GeminiSessionScanner.swift */ = {isa = PBXFileReference; lastKnownFileType = sourcecode.swift; path = GeminiSessionScanner.swift; sourceTree = "<group>"; };
		F5486873DBEC29739725E366 /* StatusBarPanel.swift */ = {isa = PBXFileReference; lastKnownFileType = sourcecode.swift; path = StatusBarPanel.swift; sourceTree = "<group>"; };
		F9BE6119BE603D9EB8BB22C7 /* SessionQuickStats.swift */ = {isa = PBXFileReference; lastKnownFileType = sourcecode.swift; path = SessionQuickStats.swift; sourceTree = "<group>"; };
		FA42F7AC4BB41556CDC7EFCC /* TerminalLauncher.swift */ = {isa = PBXFileReference; lastKnownFileType = sourcecode.swift; path = TerminalLauncher.swift; sourceTree = "<group>"; };
		FA8B62A57C9E8AD16345458A /* ShareMetrics.swift */ = {isa = PBXFileReference; lastKnownFileType = sourcecode.swift; path = ShareMetrics.swift; sourceTree = "<group>"; };
		FAAFBA5B9EEDC2BB22BAF700 /* AutoRefreshCoordinator.swift */ = {isa = PBXFileReference; lastKnownFileType = sourcecode.swift; path = AutoRefreshCoordinator.swift; sourceTree = "<group>"; };
		FF2A749714584E4976171E9D /* StatusLineInstaller.swift */ = {isa = PBXFileReference; lastKnownFileType = sourcecode.swift; path = StatusLineInstaller.swift; sourceTree = "<group>"; };
		FFF5BCA9439BEAF2D53992A0 /* ProviderKind.swift */ = {isa = PBXFileReference; lastKnownFileType = sourcecode.swift; path = ProviderKind.swift; sourceTree = "<group>"; };
/* End PBXFileReference section */

/* Begin PBXFrameworksBuildPhase section */
		9E8A0F3E80621A76D4EF7E77 /* Frameworks */ = {
			isa = PBXFrameworksBuildPhase;
			buildActionMask = 2147483647;
			files = (
				45389ED6B2BB7C7A180BE038 /* Sparkle in Frameworks */,
				FF23B86D06717D1D06D1BC63 /* MarkdownView in Frameworks */,
				C1946155BDD0D0ABEB98F6B5 /* TelemetryDeck in Frameworks */,
				E19C7F4107E38E4F014A9A27 /* libsqlite3.tbd in Frameworks */,
			);
			runOnlyForDeploymentPostprocessing = 0;
		};
/* End PBXFrameworksBuildPhase section */

/* Begin PBXGroup section */
		1341AC1398085D0EADE92592 /* Frameworks */ = {
			isa = PBXGroup;
			children = (
				7803032F49F6D004A094939E /* libsqlite3.tbd */,
			);
			name = Frameworks;
			sourceTree = "<group>";
		};
		1663689B6A755FC71D338E8F /* Claude */ = {
			isa = PBXGroup;
			children = (
				C931907E9B4996736E4A7373 /* ClaudeAccountManager.swift */,
				BD2C72B18AE30277C693576A /* ClaudeAccountModeController.swift */,
				40D1CDF1FEEF8397DDFDBBDC /* ClaudeAccountSourcePickerRow.swift */,
				DA847F7AAA8B25206BA33E25 /* ClaudeManagedAccountStore.swift */,
				86DF62498CA52D57F92CB797 /* ClaudeOAuthCallbackServer.swift */,
				3E2B51B9EC984248C05583D1 /* ClaudeOAuthClient.swift */,
				D0C3351516C414AC7F51400E /* ClaudeOAuthLoginSheet.swift */,
				EDE6D238094644B3E5ECD8C9 /* ClaudePKCE.swift */,
				7AA9035C5B842200A3C1F84E /* ClaudeProvider.swift */,
				669DD3F7CA0ACD5A8FFF69A3 /* ClaudeProviderAccountCardAccessory.swift */,
				EA6D16472FCD12FE7A8C1891 /* CredentialService.swift */,
				D0CA06E1C8046BE97A74F7C3 /* IndependentClaudeAccountManager.swift */,
				BAEEBABA82636376B36824D8 /* IndependentClaudeAccountViewModel.swift */,
				768B90604779E18157A73FBB /* IndependentClaudeCredentialStore.swift */,
				54DA495D7C6105F8AD37FD7D /* SessionScanner.swift */,
				FF2A749714584E4976171E9D /* StatusLineInstaller.swift */,
				E59B402C6902996368A65A6F /* TranscriptParser.swift */,
				32FE333B9AD0368698B9A39F /* UsageAPIService.swift */,
			);
			path = Claude;
			sourceTree = "<group>";
		};
		1B498AB9E13809CA8F036D81 /* Products */ = {
			isa = PBXGroup;
			children = (
				77339C38F26D780CFD6D03EB /* ClaudeStatistics.app */,
			);
			name = Products;
			sourceTree = "<group>";
		};
		23BF9034C5BAB628D0B18D2A /* Utilities */ = {
			isa = PBXGroup;
			children = (
				FAAFBA5B9EEDC2BB22BAF700 /* AutoRefreshCoordinator.swift */,
				5B4066C394B5E23322D32189 /* GlobalHotKeyManager.swift */,
				D1519B833F38D44123500B58 /* LanguageManager.swift */,
				1EBE034854D1539811ED0D5F /* SearchUtils.swift */,
				C220944581C7418B7B1797F3 /* ShareImageExporter.swift */,
				24A2B4F377370E1969E00AD7 /* SharePreviewWindowController.swift */,
				FA42F7AC4BB41556CDC7EFCC /* TerminalLauncher.swift */,
				15FB669CCF4C2F10D4550624 /* TimeFormatter.swift */,
			);
			path = Utilities;
			sourceTree = "<group>";
		};
		23FF6F758EC531D3457CE044 /* Services */ = {
			isa = PBXGroup;
			children = (
				6749A9BF125AC2A04C7043D5 /* DatabaseService.swift */,
				B466FB316C76AB0C39E12E7B /* DiagnosticLogger.swift */,
				35EC230BC5F1EF207A984D87 /* FSEventsWatcher.swift */,
				3D5BA98DFF322E54A1E5B1F2 /* SessionDataStore.swift */,
				6F0F61EEF95C517CC0B363C3 /* ShareMetricsBuilder.swift */,
				A7C96479A32A5A1C4D1A624B /* ShareRoleEngine.swift */,
				B7AD5E89B648F5018E34233A /* UpdaterService.swift */,
				E476D9F870BCC0644BC74FD3 /* UsageHistoryStore.swift */,
			);
			path = Services;
			sourceTree = "<group>";
		};
		2BCAA708931662EBE00EF601 /* ClaudeStatistics */ = {
			isa = PBXGroup;
			children = (
				B5C4223D247CA4D681A19D53 /* Assets.xcassets */,
				CC48F81473E62C269C6F830D /* App */,
				E35EDCF6E9274048C5840F07 /* Models */,
				926902BA5B36203AE5F72598 /* Providers */,
				417E2F5036800DE2EB2376A4 /* Resources */,
				23FF6F758EC531D3457CE044 /* Services */,
				23BF9034C5BAB628D0B18D2A /* Utilities */,
				630E776A88A7FDCBD895C84A /* ViewModels */,
				EF5D5ED012ADD07CF37DD104 /* Views */,
			);
			path = ClaudeStatistics;
			sourceTree = "<group>";
		};
		379E0A3E8B7BFDFDB44A5779 /* Gemini */ = {
			isa = PBXGroup;
			children = (
				8938B8C0465ECC95BC0D9BAF /* GeminiAccountManager.swift */,
				398009672C963C1E8B72A03E /* GeminiPricingFetchService.swift */,
				6470B331BB31EF4AE6E5CF51 /* GeminiProvider.swift */,
				5BD468B7884551FA250E5E0C /* GeminiProviderAccountCardAccessory.swift */,
				EFDF211CE0556F7AFC14399A /* GeminiSessionScanner.swift */,
				D0A898F5BCC7044CA037D185 /* GeminiStatusLineInstaller.swift */,
				488C2018A8681C6E971CF6A8 /* GeminiTranscriptParser.swift */,
				2D75041CC7940EEFCCEE54FA /* GeminiUsageService.swift */,
			);
			path = Gemini;
			sourceTree = "<group>";
		};
		417E2F5036800DE2EB2376A4 /* Resources */ = {
			isa = PBXGroup;
			children = (
				2710C957B5C3CF8708B02CC6 /* Localizable.strings */,
			);
			path = Resources;
			sourceTree = "<group>";
		};
		630E776A88A7FDCBD895C84A /* ViewModels */ = {
			isa = PBXGroup;
			children = (
				1850A208EA7AE5CDF9896207 /* ProfileViewModel.swift */,
				58B71B5593D63536AB462D70 /* SessionViewModel.swift */,
				5306E49F4AF08425229312F0 /* UsageViewModel.swift */,
			);
			path = ViewModels;
			sourceTree = "<group>";
		};
		79503F339D346E2E9123C7F3 = {
			isa = PBXGroup;
			children = (
				2BCAA708931662EBE00EF601 /* ClaudeStatistics */,
				1341AC1398085D0EADE92592 /* Frameworks */,
				1B498AB9E13809CA8F036D81 /* Products */,
			);
			sourceTree = "<group>";
		};
		926902BA5B36203AE5F72598 /* Providers */ = {
			isa = PBXGroup;
			children = (
				93CE07D7E98CD2B87F87C0E0 /* PricingFetchService.swift */,
				6AE7C2A2D6731BCD2D826C90 /* ProviderRegistry.swift */,
				0A1B35CE39EF2CA012E3BAC2 /* ProviderSettingsSectionProviding.swift */,
				993CBC30E02D8B4126EE22D5 /* SessionProvider.swift */,
				1663689B6A755FC71D338E8F /* Claude */,
				A3F2E080F40C81B07741252D /* Codex */,
				379E0A3E8B7BFDFDB44A5779 /* Gemini */,
			);
			path = Providers;
			sourceTree = "<group>";
		};
		A3F2E080F40C81B07741252D /* Codex */ = {
			isa = PBXGroup;
			children = (
				684978AF102DA512FCD3D129 /* CodexAccountManager.swift */,
				CCF8FD132C6328D09C336FB9 /* CodexProvider.swift */,
				71A478AE0DFDC6ACA6A24199 /* CodexProviderAccountCardSupplement.swift */,
				872985FBB1CB099BD6D4B01E /* CodexSessionScanner.swift */,
				C069BA3F5161E12CD1295E1B /* CodexStatusLineInstaller.swift */,
				49C9349BA491065487D09AA0 /* CodexTranscriptParser.swift */,
				DC3A33B6B13FE8262C5C6281 /* CodexUsageService.swift */,
			);
			path = Codex;
			sourceTree = "<group>";
		};
		CC48F81473E62C269C6F830D /* App */ = {
			isa = PBXGroup;
			children = (
				E3E1273546BE9434362C72E0 /* ClaudeStatistics.entitlements */,
				68083922F93D555879FAD90B /* ClaudeStatisticsApp.swift */,
				BF23C58F1F4E3E5605623ECE /* Info.plist */,
				C3374C538E77CED126DE3016 /* StatusBarController.swift */,
				F5486873DBEC29739725E366 /* StatusBarPanel.swift */,
			);
			path = App;
			sourceTree = "<group>";
		};
		E35EDCF6E9274048C5840F07 /* Models */ = {
			isa = PBXGroup;
			children = (
				2EDF09CC0594DB9C35748FF4 /* AggregateStats.swift */,
				FFF5BCA9439BEAF2D53992A0 /* ProviderKind.swift */,
				36F9BBB23CB057720EA99A7B /* Session.swift */,
				F9BE6119BE603D9EB8BB22C7 /* SessionQuickStats.swift */,
				FA8B62A57C9E8AD16345458A /* ShareMetrics.swift */,
				4E1858F23256C6FEBB750A08 /* ShareRole.swift */,
				630E94D819F3948CF3D57365 /* TranscriptDisplayMessage.swift */,
				42AB2ACAC763533BC9654BE5 /* TranscriptEntry.swift */,
				5CA29EE31F9DA05A4CB0442F /* TrendDataPoint.swift */,
				370D33AC086199C95EC1E2CD /* UsageData.swift */,
			);
			path = Models;
			sourceTree = "<group>";
		};
		EF5D5ED012ADD07CF37DD104 /* Views */ = {
			isa = PBXGroup;
			children = (
				99EA37388B7B02AEDF9C7A78 /* AllTimeView.swift */,
				1390435247ECA654A169EB3C /* CalendarHeatmap.swift */,
				41054FA7DE043B7E25B4A88E /* MenuBarView.swift */,
				E61FA41EAFBAE59342A3A526 /* ProjectAnalyticsView.swift */,
				CD0415091A24EBCDA6840A49 /* SessionDetailView.swift */,
				CAF9A88BAC1F779F77E517EB /* SessionListView.swift */,
				011E707E6F2F284A99ECF925 /* SettingsView.swift */,
				D9D13F949F9557AC75AAC3B1 /* ShareCardView.swift */,
				52FF7E2030D328036A1F8F6D /* SharePreviewView.swift */,
				6E1B839DD5F15A6A55AE3727 /* StatisticsView.swift */,
				0AF9820A8A06DCCE5C35C294 /* Theme.swift */,
				73D3015C65881224ECFCC5BB /* TranscriptView.swift */,
				EEDC6DF1C15355DC5AE2FCF9 /* TrendChartView.swift */,
				8897EC95FCBE7A6D1A915AC7 /* UsageTrendChartView.swift */,
				3511F107E29217FB16567AF9 /* UsageView.swift */,
			);
			path = Views;
			sourceTree = "<group>";
		};
/* End PBXGroup section */

/* Begin PBXNativeTarget section */
		B496B55EE6E4610508DBE13C /* ClaudeStatistics */ = {
			isa = PBXNativeTarget;
			buildConfigurationList = 79ECD41CCAFB7AA4F5CEF3A4 /* Build configuration list for PBXNativeTarget "ClaudeStatistics" */;
			buildPhases = (
				EEBADCFD08F8E7E8422CEDC9 /* Sources */,
				B10E66F4950EBC57F5510470 /* Resources */,
				9E8A0F3E80621A76D4EF7E77 /* Frameworks */,
			);
			buildRules = (
			);
			dependencies = (
			);
			name = ClaudeStatistics;
			packageProductDependencies = (
				0065997B44AE9D9948026A26 /* Sparkle */,
				D9B81B6A9F5F3A3C056BB0D3 /* MarkdownView */,
				0978977B964239E918826F41 /* TelemetryDeck */,
			);
			productName = ClaudeStatistics;
			productReference = 77339C38F26D780CFD6D03EB /* ClaudeStatistics.app */;
			productType = "com.apple.product-type.application";
		};
/* End PBXNativeTarget section */

/* Begin PBXProject section */
		18B1CC7C2F803601C447E6E4 /* Project object */ = {
			isa = PBXProject;
			attributes = {
				BuildIndependentTargetsInParallel = YES;
				LastUpgradeCheck = 1600;
				TargetAttributes = {
					B496B55EE6E4610508DBE13C = {
						ProvisioningStyle = Automatic;
					};
				};
			};
			buildConfigurationList = 966C204BEC3B01F6672DE019 /* Build configuration list for PBXProject "ClaudeStatistics" */;
			developmentRegion = en;
			hasScannedForEncodings = 0;
			knownRegions = (
				Base,
				en,
				"zh-Hans",
			);
			mainGroup = 79503F339D346E2E9123C7F3;
			minimizedProjectReferenceProxies = 1;
			packageReferences = (
				5F9FB62C1777AE296FFAEE72 /* XCRemoteSwiftPackageReference "MarkdownView" */,
				C927BC02711A30BEB80F2218 /* XCRemoteSwiftPackageReference "Sparkle" */,
				255F8D379D5F02BD63FCBDBD /* XCRemoteSwiftPackageReference "SwiftSDK" */,
			);
			preferredProjectObjectVersion = 77;
			productRefGroup = 1B498AB9E13809CA8F036D81 /* Products */;
			projectDirPath = "";
			projectRoot = "";
			targets = (
				B496B55EE6E4610508DBE13C /* ClaudeStatistics */,
			);
		};
/* End PBXProject section */

/* Begin PBXResourcesBuildPhase section */
		B10E66F4950EBC57F5510470 /* Resources */ = {
			isa = PBXResourcesBuildPhase;
			buildActionMask = 2147483647;
			files = (
				D06D7B513EFFD60742C93431 /* Assets.xcassets in Resources */,
				AC5082113B4136915E426299 /* Localizable.strings in Resources */,
			);
			runOnlyForDeploymentPostprocessing = 0;
		};
/* End PBXResourcesBuildPhase section */

/* Begin PBXSourcesBuildPhase section */
		EEBADCFD08F8E7E8422CEDC9 /* Sources */ = {
			isa = PBXSourcesBuildPhase;
			buildActionMask = 2147483647;
			files = (
				59FB58B0D4D4298AF8A3A1A6 /* AggregateStats.swift in Sources */,
				437AC945F5CE5337ED23DF9A /* AllTimeView.swift in Sources */,
				4A69484840B48CDE187957E0 /* AutoRefreshCoordinator.swift in Sources */,
				F324566F7B85AFF3C7E1EEAC /* CalendarHeatmap.swift in Sources */,
				F34E915FE87F63D8BB7181BD /* ClaudeAccountManager.swift in Sources */,
				B872C0AE8B54239EEA84509E /* ClaudeAccountModeController.swift in Sources */,
				FE5ADEDB9BFDB937666A3163 /* ClaudeAccountSourcePickerRow.swift in Sources */,
				08EAA341478D88DCA10B74EE /* ClaudeManagedAccountStore.swift in Sources */,
				1A2595CC75D0C5C9E079B80B /* ClaudeOAuthCallbackServer.swift in Sources */,
				F033B4012C3FDB70B0DA893D /* ClaudeOAuthClient.swift in Sources */,
				1B488E45E75E65B8C90BD746 /* ClaudeOAuthLoginSheet.swift in Sources */,
				D7035463E2541293F55B654D /* ClaudePKCE.swift in Sources */,
				EC17520544A6FEEA8B3F3430 /* ClaudeProvider.swift in Sources */,
				480C7AC744109467B48A6A47 /* ClaudeProviderAccountCardAccessory.swift in Sources */,
				FEFC2968DA07D06063D40E24 /* ClaudeStatisticsApp.swift in Sources */,
				3984119891F7BF33DEFA170B /* CodexAccountManager.swift in Sources */,
				55DE2FD77D568E40AE4C239B /* CodexProvider.swift in Sources */,
				424369442B1C850D63CBB8C4 /* CodexProviderAccountCardSupplement.swift in Sources */,
				FD14DC1AD66B5C54FED7B078 /* CodexSessionScanner.swift in Sources */,
				3055EFB90B07E9A7824E77EB /* CodexStatusLineInstaller.swift in Sources */,
				782C13B8933AD2748F655738 /* CodexTranscriptParser.swift in Sources */,
				0C7549CCF06B1A0728B91FB2 /* CodexUsageService.swift in Sources */,
				58C1BB54AF46F2D4E1C5DAAB /* CredentialService.swift in Sources */,
				AC04F7B90669B03A4D8B3551 /* DatabaseService.swift in Sources */,
				552244856F222EE6F9AFE7DA /* DiagnosticLogger.swift in Sources */,
				FA20F885511C5F92715056F9 /* FSEventsWatcher.swift in Sources */,
				DD7C095838B9FA06B94D9DFA /* GeminiAccountManager.swift in Sources */,
				278FAA854F5697F99EB34F5A /* GeminiPricingFetchService.swift in Sources */,
				C096DD401EB0F2A1E31EFFB9 /* GeminiProvider.swift in Sources */,
				AFE5B13BCD7D98DD27DF6EA0 /* GeminiProviderAccountCardAccessory.swift in Sources */,
				59298F37D7A1A2583638B7A2 /* GeminiSessionScanner.swift in Sources */,
				8A89E3E017EAC054C8AA6B8F /* GeminiStatusLineInstaller.swift in Sources */,
				58108CACA592BE955CCE7191 /* GeminiTranscriptParser.swift in Sources */,
				5349F8DCA8E3C9A2C61A67D6 /* GeminiUsageService.swift in Sources */,
				3EB9F1EB0E5CCFFEB816D80D /* GlobalHotKeyManager.swift in Sources */,
				9316665886245686434A4BF4 /* IndependentClaudeAccountManager.swift in Sources */,
				4E4BEF51FB660CE04D41338F /* IndependentClaudeAccountViewModel.swift in Sources */,
				8446541DF0CE23D10CA93E2D /* IndependentClaudeCredentialStore.swift in Sources */,
				E04B621B671D090DB9155348 /* LanguageManager.swift in Sources */,
				F3272760285AF18F519D8E80 /* MenuBarView.swift in Sources */,
				45713102A127B294274B48AB /* PricingFetchService.swift in Sources */,
				0BD1DED6EC1DFF9326A1CAE5 /* ProfileViewModel.swift in Sources */,
				1DD56466FA2EB5FEF570FF9B /* ProjectAnalyticsView.swift in Sources */,
				34A9401E132F4ABEA53988D7 /* ProviderKind.swift in Sources */,
				E58B6A3A03084C0705C450F5 /* ProviderRegistry.swift in Sources */,
				8432063CFEAF9CF37D840A71 /* ProviderSettingsSectionProviding.swift in Sources */,
				8D240F8C55163EE6DD3DAC08 /* SearchUtils.swift in Sources */,
				1D84A21259B5673F6ABDFCC1 /* Session.swift in Sources */,
				3F7B6FCC8858E6DEECB776A0 /* SessionDataStore.swift in Sources */,
				E45AD6199CAB1661300675D6 /* SessionDetailView.swift in Sources */,
				9BE83C21285426ACBCAE6024 /* SessionListView.swift in Sources */,
				43F77DC1A91245709B224E22 /* SessionProvider.swift in Sources */,
				69EF6003B2821815ABF527BF /* SessionQuickStats.swift in Sources */,
				1835A993B30EC7AE040F7829 /* SessionScanner.swift in Sources */,
				D64171EFA61052FC0A315681 /* SessionViewModel.swift in Sources */,
				E26C6870A1E9540BCA9E7045 /* SettingsView.swift in Sources */,
				19BCF9602F4555F5E007C0EA /* ShareCardView.swift in Sources */,
				CD199764729FDA8146948C4C /* ShareImageExporter.swift in Sources */,
				3A28E84ED0B7490923FA86B0 /* ShareMetrics.swift in Sources */,
				DFB7E8400551BE83B025A6A4 /* ShareMetricsBuilder.swift in Sources */,
				BB9902B8A5E35FB7C78F63F0 /* SharePreviewView.swift in Sources */,
				58946ED75833B063091E2FC7 /* SharePreviewWindowController.swift in Sources */,
				425E1709E0DB410412C38880 /* ShareRole.swift in Sources */,
				44E7A09BC65C965BF8866C76 /* ShareRoleEngine.swift in Sources */,
				686EC93B311494291E5BCE75 /* StatisticsView.swift in Sources */,
				D73C2A7290E0250F8B50A372 /* StatusBarController.swift in Sources */,
				B04844AD3BA910295978D241 /* StatusBarPanel.swift in Sources */,
				F26A77813CEED46677E6F756 /* StatusLineInstaller.swift in Sources */,
				7FEDE160B6E6484B272C2078 /* TerminalLauncher.swift in Sources */,
				09979C26D757D52202ED250D /* Theme.swift in Sources */,
				861A6FDE8151A6DF1D571793 /* TimeFormatter.swift in Sources */,
				01686B843F57F415D991361F /* TranscriptDisplayMessage.swift in Sources */,
				5B8F2BC01D7A4526CD0AEAA4 /* TranscriptEntry.swift in Sources */,
				0403F7B265465E6743499C52 /* TranscriptParser.swift in Sources */,
				7674AC8643AF2C6126880D3C /* TranscriptView.swift in Sources */,
				6BA90267FC02621878E80D2A /* TrendChartView.swift in Sources */,
				BC876DE9A69A88B6272F0842 /* TrendDataPoint.swift in Sources */,
				3AD8ED72F8D42B9DB0614F77 /* UpdaterService.swift in Sources */,
				3EFB09CA9B06B024D797832B /* UsageAPIService.swift in Sources */,
				FDBE2C2C6B6D044072235F42 /* UsageData.swift in Sources */,
				5BB6284456AC6029BBF8DE0D /* UsageHistoryStore.swift in Sources */,
				831EA76C2D78A3EB01923445 /* UsageTrendChartView.swift in Sources */,
				F7761B0329D579925F2DB98E /* UsageView.swift in Sources */,
				C48BDE19A5E58235BAB61F51 /* UsageViewModel.swift in Sources */,
			);
			runOnlyForDeploymentPostprocessing = 0;
		};
/* End PBXSourcesBuildPhase section */

/* Begin PBXVariantGroup section */
		2710C957B5C3CF8708B02CC6 /* Localizable.strings */ = {
			isa = PBXVariantGroup;
			children = (
				609271D9D2750E6DBBCFFAC5 /* en */,
				A776ADBF033757E89353F9E2 /* zh-Hans */,
			);
			name = Localizable.strings;
			sourceTree = "<group>";
		};
/* End PBXVariantGroup section */

/* Begin XCBuildConfiguration section */
		5C8F906718BA2DDE289D9268 /* Release */ = {
			isa = XCBuildConfiguration;
			buildSettings = {
				ASSETCATALOG_COMPILER_APPICON_NAME = AppIcon;
				CODE_SIGN_ENTITLEMENTS = ClaudeStatistics/App/ClaudeStatistics.entitlements;
				CODE_SIGN_IDENTITY = "-";
				CODE_SIGN_STYLE = Automatic;
				COMBINE_HIDPI_IMAGES = YES;
				CURRENT_PROJECT_VERSION = 2.9.0;
				ENABLE_HARDENED_RUNTIME = NO;
				INFOPLIST_FILE = ClaudeStatistics/App/Info.plist;
				LD_RUNPATH_SEARCH_PATHS = "$(inherited) @executable_path/../Frameworks";
				MARKETING_VERSION = 2.9.0;
				PRODUCT_BUNDLE_IDENTIFIER = com.tinystone.ClaudeStatistics;
				PRODUCT_NAME = "Claude Statistics";
				SDKROOT = macosx;
				SWIFT_STRICT_CONCURRENCY = minimal;
			};
			name = Release;
		};
		B0F7F01D2D38C0878BD3A71F /* Release */ = {
			isa = XCBuildConfiguration;
			buildSettings = {
				ALWAYS_SEARCH_USER_PATHS = NO;
				CLANG_ANALYZER_NONNULL = YES;
				CLANG_ANALYZER_NUMBER_OBJECT_CONVERSION = YES_AGGRESSIVE;
				CLANG_CXX_LANGUAGE_STANDARD = "gnu++14";
				CLANG_CXX_LIBRARY = "libc++";
				CLANG_ENABLE_MODULES = YES;
				CLANG_ENABLE_OBJC_ARC = YES;
				CLANG_ENABLE_OBJC_WEAK = YES;
				CLANG_WARN_BLOCK_CAPTURE_AUTORELEASING = YES;
				CLANG_WARN_BOOL_CONVERSION = YES;
				CLANG_WARN_COMMA = YES;
				CLANG_WARN_CONSTANT_CONVERSION = YES;
				CLANG_WARN_DEPRECATED_OBJC_IMPLEMENTATIONS = YES;
				CLANG_WARN_DIRECT_OBJC_ISA_USAGE = YES_ERROR;
				CLANG_WARN_DOCUMENTATION_COMMENTS = YES;
				CLANG_WARN_EMPTY_BODY = YES;
				CLANG_WARN_ENUM_CONVERSION = YES;
				CLANG_WARN_INFINITE_RECURSION = YES;
				CLANG_WARN_INT_CONVERSION = YES;
				CLANG_WARN_NON_LITERAL_NULL_CONVERSION = YES;
				CLANG_WARN_OBJC_IMPLICIT_RETAIN_SELF = YES;
				CLANG_WARN_OBJC_LITERAL_CONVERSION = YES;
				CLANG_WARN_OBJC_ROOT_CLASS = YES_ERROR;
				CLANG_WARN_QUOTED_INCLUDE_IN_FRAMEWORK_HEADER = YES;
				CLANG_WARN_RANGE_LOOP_ANALYSIS = YES;
				CLANG_WARN_STRICT_PROTOTYPES = YES;
				CLANG_WARN_SUSPICIOUS_MOVE = YES;
				CLANG_WARN_UNGUARDED_AVAILABILITY = YES_AGGRESSIVE;
				CLANG_WARN_UNREACHABLE_CODE = YES;
				CLANG_WARN__DUPLICATE_METHOD_MATCH = YES;
				COPY_PHASE_STRIP = NO;
				DEBUG_INFORMATION_FORMAT = "dwarf-with-dsym";
				DEVELOPMENT_LANGUAGE = en;
				ENABLE_NS_ASSERTIONS = NO;
				ENABLE_STRICT_OBJC_MSGSEND = YES;
				GCC_C_LANGUAGE_STANDARD = gnu11;
				GCC_NO_COMMON_BLOCKS = YES;
				GCC_WARN_64_TO_32_BIT_CONVERSION = YES;
				GCC_WARN_ABOUT_RETURN_TYPE = YES_ERROR;
				GCC_WARN_UNDECLARED_SELECTOR = YES;
				GCC_WARN_UNINITIALIZED_AUTOS = YES_AGGRESSIVE;
				GCC_WARN_UNUSED_FUNCTION = YES;
				GCC_WARN_UNUSED_VARIABLE = YES;
				MACOSX_DEPLOYMENT_TARGET = 14.0;
				MTL_ENABLE_DEBUG_INFO = NO;
				MTL_FAST_MATH = YES;
				PRODUCT_NAME = "$(TARGET_NAME)";
				SDKROOT = macosx;
				SWIFT_COMPILATION_MODE = wholemodule;
				SWIFT_OPTIMIZATION_LEVEL = "-O";
				SWIFT_VERSION = 5.9;
			};
			name = Release;
		};
		E097203612783F81BCE7CF77 /* Debug */ = {
			isa = XCBuildConfiguration;
			buildSettings = {
				ASSETCATALOG_COMPILER_APPICON_NAME = AppIcon;
				CODE_SIGN_ENTITLEMENTS = ClaudeStatistics/App/ClaudeStatistics.entitlements;
				CODE_SIGN_IDENTITY = "-";
				CODE_SIGN_STYLE = Automatic;
				COMBINE_HIDPI_IMAGES = YES;
				CURRENT_PROJECT_VERSION = 2.9.0;
				ENABLE_HARDENED_RUNTIME = NO;
				INFOPLIST_FILE = ClaudeStatistics/App/Info.plist;
				LD_RUNPATH_SEARCH_PATHS = "$(inherited) @executable_path/../Frameworks";
				MARKETING_VERSION = 2.9.0;
				PRODUCT_BUNDLE_IDENTIFIER = com.tinystone.ClaudeStatistics;
				PRODUCT_NAME = "Claude Statistics";
				SDKROOT = macosx;
				SWIFT_STRICT_CONCURRENCY = minimal;
			};
			name = Debug;
		};
		E211846C204B0D828271E7C6 /* Debug */ = {
			isa = XCBuildConfiguration;
			buildSettings = {
				ALWAYS_SEARCH_USER_PATHS = NO;
				CLANG_ANALYZER_NONNULL = YES;
				CLANG_ANALYZER_NUMBER_OBJECT_CONVERSION = YES_AGGRESSIVE;
				CLANG_CXX_LANGUAGE_STANDARD = "gnu++14";
				CLANG_CXX_LIBRARY = "libc++";
				CLANG_ENABLE_MODULES = YES;
				CLANG_ENABLE_OBJC_ARC = YES;
				CLANG_ENABLE_OBJC_WEAK = YES;
				CLANG_WARN_BLOCK_CAPTURE_AUTORELEASING = YES;
				CLANG_WARN_BOOL_CONVERSION = YES;
				CLANG_WARN_COMMA = YES;
				CLANG_WARN_CONSTANT_CONVERSION = YES;
				CLANG_WARN_DEPRECATED_OBJC_IMPLEMENTATIONS = YES;
				CLANG_WARN_DIRECT_OBJC_ISA_USAGE = YES_ERROR;
				CLANG_WARN_DOCUMENTATION_COMMENTS = YES;
				CLANG_WARN_EMPTY_BODY = YES;
				CLANG_WARN_ENUM_CONVERSION = YES;
				CLANG_WARN_INFINITE_RECURSION = YES;
				CLANG_WARN_INT_CONVERSION = YES;
				CLANG_WARN_NON_LITERAL_NULL_CONVERSION = YES;
				CLANG_WARN_OBJC_IMPLICIT_RETAIN_SELF = YES;
				CLANG_WARN_OBJC_LITERAL_CONVERSION = YES;
				CLANG_WARN_OBJC_ROOT_CLASS = YES_ERROR;
				CLANG_WARN_QUOTED_INCLUDE_IN_FRAMEWORK_HEADER = YES;
				CLANG_WARN_RANGE_LOOP_ANALYSIS = YES;
				CLANG_WARN_STRICT_PROTOTYPES = YES;
				CLANG_WARN_SUSPICIOUS_MOVE = YES;
				CLANG_WARN_UNGUARDED_AVAILABILITY = YES_AGGRESSIVE;
				CLANG_WARN_UNREACHABLE_CODE = YES;
				CLANG_WARN__DUPLICATE_METHOD_MATCH = YES;
				COPY_PHASE_STRIP = NO;
				DEBUG_INFORMATION_FORMAT = dwarf;
				DEVELOPMENT_LANGUAGE = en;
				ENABLE_STRICT_OBJC_MSGSEND = YES;
				ENABLE_TESTABILITY = YES;
				GCC_C_LANGUAGE_STANDARD = gnu11;
				GCC_DYNAMIC_NO_PIC = NO;
				GCC_NO_COMMON_BLOCKS = YES;
				GCC_OPTIMIZATION_LEVEL = 0;
				GCC_PREPROCESSOR_DEFINITIONS = (
					"$(inherited)",
					"DEBUG=1",
				);
				GCC_WARN_64_TO_32_BIT_CONVERSION = YES;
				GCC_WARN_ABOUT_RETURN_TYPE = YES_ERROR;
				GCC_WARN_UNDECLARED_SELECTOR = YES;
				GCC_WARN_UNINITIALIZED_AUTOS = YES_AGGRESSIVE;
				GCC_WARN_UNUSED_FUNCTION = YES;
				GCC_WARN_UNUSED_VARIABLE = YES;
				MACOSX_DEPLOYMENT_TARGET = 14.0;
				MTL_ENABLE_DEBUG_INFO = INCLUDE_SOURCE;
				MTL_FAST_MATH = YES;
				ONLY_ACTIVE_ARCH = YES;
				PRODUCT_NAME = "$(TARGET_NAME)";
				SDKROOT = macosx;
				SWIFT_ACTIVE_COMPILATION_CONDITIONS = DEBUG;
				SWIFT_OPTIMIZATION_LEVEL = "-Onone";
				SWIFT_VERSION = 5.9;
			};
			name = Debug;
		};
/* End XCBuildConfiguration section */

/* Begin XCConfigurationList section */
		79ECD41CCAFB7AA4F5CEF3A4 /* Build configuration list for PBXNativeTarget "ClaudeStatistics" */ = {
			isa = XCConfigurationList;
			buildConfigurations = (
				E097203612783F81BCE7CF77 /* Debug */,
				5C8F906718BA2DDE289D9268 /* Release */,
			);
			defaultConfigurationIsVisible = 0;
			defaultConfigurationName = Debug;
		};
		966C204BEC3B01F6672DE019 /* Build configuration list for PBXProject "ClaudeStatistics" */ = {
			isa = XCConfigurationList;
			buildConfigurations = (
				E211846C204B0D828271E7C6 /* Debug */,
				B0F7F01D2D38C0878BD3A71F /* Release */,
			);
			defaultConfigurationIsVisible = 0;
			defaultConfigurationName = Debug;
		};
/* End XCConfigurationList section */

/* Begin XCRemoteSwiftPackageReference section */
		255F8D379D5F02BD63FCBDBD /* XCRemoteSwiftPackageReference "SwiftSDK" */ = {
			isa = XCRemoteSwiftPackageReference;
			repositoryURL = "https://github.com/TelemetryDeck/SwiftSDK";
			requirement = {
				kind = upToNextMajorVersion;
				minimumVersion = 2.0.0;
			};
		};
		5F9FB62C1777AE296FFAEE72 /* XCRemoteSwiftPackageReference "MarkdownView" */ = {
			isa = XCRemoteSwiftPackageReference;
			repositoryURL = "https://github.com/LiYanan2004/MarkdownView";
			requirement = {
				kind = upToNextMajorVersion;
				minimumVersion = 2.6.1;
			};
		};
		C927BC02711A30BEB80F2218 /* XCRemoteSwiftPackageReference "Sparkle" */ = {
			isa = XCRemoteSwiftPackageReference;
			repositoryURL = "https://github.com/sparkle-project/Sparkle";
			requirement = {
				kind = upToNextMajorVersion;
				minimumVersion = 2.6.0;
			};
		};
/* End XCRemoteSwiftPackageReference section */

/* Begin XCSwiftPackageProductDependency section */
		0065997B44AE9D9948026A26 /* Sparkle */ = {
			isa = XCSwiftPackageProductDependency;
			package = C927BC02711A30BEB80F2218 /* XCRemoteSwiftPackageReference "Sparkle" */;
			productName = Sparkle;
		};
		0978977B964239E918826F41 /* TelemetryDeck */ = {
			isa = XCSwiftPackageProductDependency;
			package = 255F8D379D5F02BD63FCBDBD /* XCRemoteSwiftPackageReference "SwiftSDK" */;
			productName = TelemetryDeck;
		};
		D9B81B6A9F5F3A3C056BB0D3 /* MarkdownView */ = {
			isa = XCSwiftPackageProductDependency;
			package = 5F9FB62C1777AE296FFAEE72 /* XCRemoteSwiftPackageReference "MarkdownView" */;
			productName = MarkdownView;
		};
/* End XCSwiftPackageProductDependency section */
	};
	rootObject = 18B1CC7C2F803601C447E6E4 /* Project object */;
}
